Microsoft Visual Studio Solution File, Format Version 11.00
# Visual Studio 2010
Project("{2150E333-8FDC-42A3-9474-1A3956D46DE8}") = "zDlls", "zDlls", "{E2C81538-E023-4468-A283-EF724849937E}"
EndProject
Project("{FAE04EC0-301F-11D3-BF4B-00C04F79EFBC}") = "DllFarmaciaSoft", "..\..\MODULOS\DllFarmaciaSoft\DllFarmaciaSoft.csproj", "{6197CF94-EF2D-42E9-A871-6BA7B1407714}"
EndProject
Project("{FAE04EC0-301F-11D3-BF4B-00C04F79EFBC}") = "SII Interface Sinteco", "SII Interface Sinteco\SII Interface Sinteco.csproj", "{6AA2A0F0-0E42-4B46-B7C7-F1D9424168A8}"
EndProject
Project("{FAE04EC0-301F-11D3-BF4B-00C04F79EFBC}") = "DllFarmaciaAuditor", "..\..\MODULOS\DllFarmaciaAuditor\DllFarmaciaAuditor.csproj", "{FC1C8725-83FE-4E0B-8FF4-CBFD5BCD412E}"
EndProject
Global
	GlobalSection(SolutionConfigurationPlatforms) = preSolution
		Debug|Any CPU = Debug|Any CPU
		Debug|Mixed Platforms = Debug|Mixed Platforms
		Debug|x86 = Debug|x86
		Release|Any CPU = Release|Any CPU
		Release|Mixed Platforms = Release|Mixed Platforms
		Release|x86 = Release|x86
	EndGlobalSection
	GlobalSection(ProjectConfigurationPlatforms) = postSolution
		{6197CF94-EF2D-42E9-A871-6BA7B1407714}.Debug|Any CPU.ActiveCfg = Debug|Any CPU
		{6197CF94-EF2D-42E9-A871-6BA7B1407714}.Debug|Any CPU.Build.0 = Debug|Any CPU
		{6197CF94-EF2D-42E9-A871-6BA7B1407714}.Debug|Mixed Platforms.ActiveCfg = Debug|Any CPU
		{6197CF94-EF2D-42E9-A871-6BA7B1407714}.Debug|Mixed Platforms.Build.0 = Debug|Any CPU
		{6197CF94-EF2D-42E9-A871-6BA7B1407714}.Debug|x86.ActiveCfg = Debug|Any CPU
		{6197CF94-EF2D-42E9-A871-6BA7B1407714}.Release|Any CPU.ActiveCfg = Release|Any CPU
		{6197CF94-EF2D-42E9-A871-6BA7B1407714}.Release|Any CPU.Build.0 = Release|Any CPU
		{6197CF94-EF2D-42E9-A871-6BA7B1407714}.Release|Mixed Platforms.ActiveCfg = Release|Any CPU
		{6197CF94-EF2D-42E9-A871-6BA7B1407714}.Release|Mixed Platforms.Build.0 = Release|Any CPU
		{6197CF94-EF2D-42E9-A871-6BA7B1407714}.Release|x86.ActiveCfg = Release|Any CPU
		{6AA2A0F0-0E42-4B46-B7C7-F1D9424168A8}.Debug|Any CPU.ActiveCfg = Debug|x86
		{6AA2A0F0-0E42-4B46-B7C7-F1D9424168A8}.Debug|Mixed Platforms.ActiveCfg = Debug|x86
		{6AA2A0F0-0E42-4B46-B7C7-F1D9424168A8}.Debug|Mixed Platforms.Build.0 = Debug|x86
		{6AA2A0F0-0E42-4B46-B7C7-F1D9424168A8}.Debug|x86.ActiveCfg = Debug|x86
		{6AA2A0F0-0E42-4B46-B7C7-F1D9424168A8}.Debug|x86.Build.0 = Debug|x86
		{6AA2A0F0-0E42-4B46-B7C7-F1D9424168A8}.Release|Any CPU.ActiveCfg = Release|x86
		{6AA2A0F0-0E42-4B46-B7C7-F1D9424168A8}.Release|Mixed Platforms.ActiveCfg = Release|x86
		{6AA2A0F0-0E42-4B46-B7C7-F1D9424168A8}.Release|Mixed Platforms.Build.0 = Release|x86
		{6AA2A0F0-0E42-4B46-B7C7-F1D9424168A8}.Release|x86.ActiveCfg = Release|x86
		{6AA2A0F0-0E42-4B46-B7C7-F1D9424168A8}.Release|x86.Build.0 = Release|x86
		{FC1C8725-83FE-4E0B-8FF4-CBFD5BCD412E}.Debug|Any CPU.ActiveCfg = Debug|Any CPU
		{FC1C8725-83FE-4E0B-8FF4-CBFD5BCD412E}.Debug|Any CPU.Build.0 = Debug|Any CPU
		{FC1C8725-83FE-4E0B-8FF4-CBFD5BCD412E}.Debug|Mixed Platforms.ActiveCfg = Debug|Any CPU
		{FC1C8725-83FE-4E0B-8FF4-CBFD5BCD412E}.Debug|Mixed Platforms.Build.0 = Debug|Any CPU
		{FC1C8725-83FE-4E0B-8FF4-CBFD5BCD412E}.Debug|x86.ActiveCfg = Debug|Any CPU
		{FC1C8725-83FE-4E0B-8FF4-CBFD5BCD412E}.Release|Any CPU.ActiveCfg = Release|Any CPU
		{FC1C8725-83FE-4E0B-8FF4-CBFD5BCD412E}.Release|Any CPU.Build.0 = Release|Any CPU
		{FC1C8725-83FE-4E0B-8FF4-CBFD5BCD412E}.Release|Mixed Platforms.ActiveCfg = Release|Any CPU
		{FC1C8725-83FE-4E0B-8FF4-CBFD5BCD412E}.Release|Mixed Platforms.Build.0 = Release|Any CPU
		{FC1C8725-83FE-4E0B-8FF4-CBFD5BCD412E}.Release|x86.ActiveCfg = Release|Any CPU
	EndGlobalSection
	GlobalSection(SolutionProperties) = preSolution
		HideSolutionNode = FALSE
	EndGlobalSection
	GlobalSection(NestedProjects) = preSolution
		{6197CF94-EF2D-42E9-A871-6BA7B1407714} = {E2C81538-E023-4468-A283-EF724849937E}
		{FC1C8725-83FE-4E0B-8FF4-CBFD5BCD412E} = {E2C81538-E023-4468-A283-EF724849937E}
	EndGlobalSection
EndGlobal
