Microsoft Visual Studio Solution File, Format Version 12.00
# Visual Studio Version 16
VisualStudioVersion = 16.0.31424.327
MinimumVisualStudioVersion = 10.0.40219.1
Project("{2150E333-8FDC-42A3-9474-1A3956D46DE8}") = "Medimat", "Medimat", "{0A4116D9-663E-4791-9981-10BA821674B0}"
EndProject
Project("{FAE04EC0-301F-11D3-BF4B-00C04F79EFBC}") = "Dll_IMach4", "IMach4\Dll_IMach4\Dll_IMach4.csproj", "{2E8E7869-4681-4533-A16F-89C7B2E11A4C}"
EndProject
Project("{FAE04EC0-301F-11D3-BF4B-00C04F79EFBC}") = "Configuracion Mach4", "IMach4\Configuracion Mach4\Configuracion Mach4.csproj", "{47688498-C170-48CC-AF99-57F03F566F39}"
EndProject
Project("{FAE04EC0-301F-11D3-BF4B-00C04F79EFBC}") = "IMach4", "IMach4\IMach4\IMach4.csproj", "{A1E54724-77C2-4535-B268-C3650E064D41}"
EndProject
Project("{2150E333-8FDC-42A3-9474-1A3956D46DE8}") = "GPI", "GPI", "{346D1B55-E965-476A-814E-3E37B3140487}"
EndProject
Project("{FAE04EC0-301F-11D3-BF4B-00C04F79EFBC}") = "Dll_IGPI", "IGPI\Dll_IGPI\Dll_IGPI.csproj", "{F01E1404-5FEE-4490-B817-E195E962F83C}"
EndProject
Project("{FAE04EC0-301F-11D3-BF4B-00C04F79EFBC}") = "Configuracion GPI", "IGPI\Configuracion GPI\Configuracion GPI.csproj", "{A22C58BB-DB03-40AB-A61E-95469AD3B556}"
EndProject
Project("{FAE04EC0-301F-11D3-BF4B-00C04F79EFBC}") = "IGPI", "IGPI\IGPI\IGPI.csproj", "{0ED2A097-F354-49C4-8470-5200CDDFD23F}"
EndProject
Project("{E24C65DC-7377-472B-9ABA-BC803B73C61A}") = "wsIGPI", "IGPI\wsIGPI", "{0A7FBAB7-69D9-49E2-BD13-12371EC5B7D8}"
	ProjectSection(WebsiteProperties) = preProject
SccProjectName = ""
SccAuxPath = ""
SccLocalPath = ""
SccProvider = ""
		TargetFrameworkMoniker = ".NETFramework,Version%3Dv4.0"
		Debug.AspNetCompiler.VirtualPath = "/wsIGPI"
		Debug.AspNetCompiler.PhysicalPath = "IGPI\wsIGPI\"
		Debug.AspNetCompiler.TargetPath = "PrecompiledWeb\wsIGPI\"
		Debug.AspNetCompiler.Updateable = "true"
		Debug.AspNetCompiler.ForceOverwrite = "true"
		Debug.AspNetCompiler.FixedNames = "false"
		Debug.AspNetCompiler.Debug = "True"
		Release.AspNetCompiler.VirtualPath = "/wsIGPI"
		Release.AspNetCompiler.PhysicalPath = "IGPI\wsIGPI\"
		Release.AspNetCompiler.TargetPath = "PrecompiledWeb\wsIGPI\"
		Release.AspNetCompiler.Updateable = "true"
		Release.AspNetCompiler.ForceOverwrite = "true"
		Release.AspNetCompiler.FixedNames = "false"
		Release.AspNetCompiler.Debug = "False"
		VWDPort = "6530"
		SlnRelativePath = "IGPI\wsIGPI\"
	EndProjectSection
EndProject
Project("{E24C65DC-7377-472B-9ABA-BC803B73C61A}") = "wsIMach4", "IMach4\wsIMach4", "{7E5DA224-280E-448C-9EBB-FA2527FA513E}"
	ProjectSection(WebsiteProperties) = preProject
SccProjectName = ""
SccAuxPath = ""
SccLocalPath = ""
SccProvider = ""
		TargetFrameworkMoniker = ".NETFramework,Version%3Dv4.0"
		Debug.AspNetCompiler.VirtualPath = "/wsIMach4"
		Debug.AspNetCompiler.PhysicalPath = "IMach4\wsIMach4\"
		Debug.AspNetCompiler.TargetPath = "PrecompiledWeb\wsIMach4\"
		Debug.AspNetCompiler.Updateable = "true"
		Debug.AspNetCompiler.ForceOverwrite = "true"
		Debug.AspNetCompiler.FixedNames = "false"
		Debug.AspNetCompiler.Debug = "True"
		Release.AspNetCompiler.VirtualPath = "/wsIMach4"
		Release.AspNetCompiler.PhysicalPath = "IMach4\wsIMach4\"
		Release.AspNetCompiler.TargetPath = "PrecompiledWeb\wsIMach4\"
		Release.AspNetCompiler.Updateable = "true"
		Release.AspNetCompiler.ForceOverwrite = "true"
		Release.AspNetCompiler.FixedNames = "false"
		Release.AspNetCompiler.Debug = "False"
		VWDPort = "6111"
		SlnRelativePath = "IMach4\wsIMach4\"
	EndProjectSection
EndProject
Project("{2150E333-8FDC-42A3-9474-1A3956D46DE8}") = "zDlls", "zDlls", "{B86B375B-35F5-49AF-BF62-DEA94069FC0E}"
EndProject
Project("{FAE04EC0-301F-11D3-BF4B-00C04F79EFBC}") = "DllFarmaciaSoft", "..\MODULOS\DllFarmaciaSoft\DllFarmaciaSoft.csproj", "{6197CF94-EF2D-42E9-A871-6BA7B1407714}"
EndProject
Project("{FAE04EC0-301F-11D3-BF4B-00C04F79EFBC}") = "wsDllWebService", "..\MODULOS\wsDllWebService\wsDllWebService.csproj", "{3BFDD2B9-8C59-4073-A574-9F8200BFFEE2}"
EndProject
Project("{FAE04EC0-301F-11D3-BF4B-00C04F79EFBC}") = "DllRobotDispensador", "DllRobotDispensador\DllRobotDispensador.csproj", "{5F0856E1-F20C-4A5D-BA3C-6069889F216D}"
EndProject
Project("{FAE04EC0-301F-11D3-BF4B-00C04F79EFBC}") = "Farmacia", "..\MODULOS\Farmacia\Farmacia.csproj", "{E10B1D1A-6D48-42FB-AA2F-442762EABCE4}"
EndProject
Project("{FAE04EC0-301F-11D3-BF4B-00C04F79EFBC}") = "DllTransferenciaSoft", "..\MODULOS\DataTransfer\DllTransferenciaSoft\DllTransferenciaSoft.csproj", "{6C7D74CB-63A0-4EE2-A858-4CDBEAB6C7AC}"
EndProject
Project("{2150E333-8FDC-42A3-9474-1A3956D46DE8}") = "ATP2", "ATP2", "{BB2AAA83-0488-42E0-98D3-C08100C21BA7}"
EndProject
Project("{FAE04EC0-301F-11D3-BF4B-00C04F79EFBC}") = "Dll_IATP2", "IATP2\Dll_IATP2\Dll_IATP2.csproj", "{B44D7649-CED4-4384-955C-385D6DD98610}"
EndProject
Project("{FAE04EC0-301F-11D3-BF4B-00C04F79EFBC}") = "Configuracion ATP2", "IATP2\Configuracion ATP2\Configuracion ATP2.csproj", "{E0ED1726-8264-4EB7-B72B-9E876C43BFB3}"
EndProject
Project("{FAE04EC0-301F-11D3-BF4B-00C04F79EFBC}") = "IATP2", "IATP2\IATP2\IATP2.csproj", "{4078DCFD-DDCC-44C1-AC1E-E7405FFA85FD}"
EndProject
Project("{FAE04EC0-301F-11D3-BF4B-00C04F79EFBC}") = "DllFarmaciaSoft.QRCode", "..\MODULOS\DllFarmaciaSoft.QRCode\DllFarmaciaSoft.QRCode.csproj", "{4DB4659F-36E8-4865-8308-61EDB47716E7}"
EndProject
Project("{FAE04EC0-301F-11D3-BF4B-00C04F79EFBC}") = "DllRecetaElectronica", "..\INTERFACES\INTERFACE_RECETA_ELECTRONICA\DllRecetaElectronica\DllRecetaElectronica.csproj", "{B687532B-58D8-45D3-958D-D1B9EFE1C59A}"
EndProject
Project("{FAE04EC0-301F-11D3-BF4B-00C04F79EFBC}") = "SC_SolutionsSystem.FP", "..\MODULOS\SC_SolutionsSystem.FP\SC_SolutionsSystem.FP.csproj", "{A3C3081A-24BD-4E3D-A6F4-4949A7D415CB}"
EndProject
Project("{FAE04EC0-301F-11D3-BF4B-00C04F79EFBC}") = "SC_SolutionsSystem.QRCode", "..\MODULOS\SC_SolutionsSystem.QRCode\QRCodeLib\SC_SolutionsSystem.QRCode.csproj", "{E98126B2-AF17-4783-96B9-856D6744DCA3}"
EndProject
Project("{FAE04EC0-301F-11D3-BF4B-00C04F79EFBC}") = "SC_SolutionsSystem.ZXing20", "..\MODULOS\SC_SolutionsSystem.ZXing20\SC_SolutionsSystem.ZXing20.csproj", "{DB866CDE-02C4-4E5B-9C41-C7F0A5F487D6}"
EndProject
Project("{FAE04EC0-301F-11D3-BF4B-00C04F79EFBC}") = "Dll_IRE_INTERMED", "..\INTERFACES\INTERFACE_ECE__INTERMED\Dll_IRE_INTERMED\Dll_IRE_INTERMED.csproj", "{95262445-AD69-4BF5-96A8-CAE53405AFAD}"
EndProject
Project("{FAE04EC0-301F-11D3-BF4B-00C04F79EFBC}") = "Dll_IRE_SIGHO", "..\INTERFACES\INTERFACE_ECE__SIGHO\Dll_IRE_SIGHO\Dll_IRE_SIGHO.csproj", "{C3D0F8DB-E53B-4C50-9096-CC175E79AB88}"
EndProject
Project("{FAE04EC0-301F-11D3-BF4B-00C04F79EFBC}") = "Dll_ISESEQ", "..\INTERFACES\INTERFACE_ECE__SESEQ\Dll_ISESEQ\Dll_ISESEQ.csproj", "{071D11A3-C2F4-4F95-84AC-9A686FFACFFB}"
EndProject
Project("{FAE04EC0-301F-11D3-BF4B-00C04F79EFBC}") = "Dll_ValesFirmaElectronica", "..\..\SII_ADMINISTRACION_VALES\Dll_ValesFirmaElectronica\Dll_ValesFirmaElectronica.csproj", "{0EEEDCD7-E0EB-40A0-9403-833EF3594F44}"
EndProject
Global
	GlobalSection(SolutionConfigurationPlatforms) = preSolution
		Debug|Any CPU = Debug|Any CPU
		Debug|Mixed Platforms = Debug|Mixed Platforms
		Debug|x86 = Debug|x86
		Release|Any CPU = Release|Any CPU
		Release|Mixed Platforms = Release|Mixed Platforms
		Release|x86 = Release|x86
	EndGlobalSection
	GlobalSection(ProjectConfigurationPlatforms) = postSolution
		{2E8E7869-4681-4533-A16F-89C7B2E11A4C}.Debug|Any CPU.ActiveCfg = Debug|Any CPU
		{2E8E7869-4681-4533-A16F-89C7B2E11A4C}.Debug|Any CPU.Build.0 = Debug|Any CPU
		{2E8E7869-4681-4533-A16F-89C7B2E11A4C}.Debug|Mixed Platforms.ActiveCfg = Debug|Any CPU
		{2E8E7869-4681-4533-A16F-89C7B2E11A4C}.Debug|Mixed Platforms.Build.0 = Debug|Any CPU
		{2E8E7869-4681-4533-A16F-89C7B2E11A4C}.Debug|x86.ActiveCfg = Debug|Any CPU
		{2E8E7869-4681-4533-A16F-89C7B2E11A4C}.Release|Any CPU.ActiveCfg = Release|Any CPU
		{2E8E7869-4681-4533-A16F-89C7B2E11A4C}.Release|Any CPU.Build.0 = Release|Any CPU
		{2E8E7869-4681-4533-A16F-89C7B2E11A4C}.Release|Mixed Platforms.ActiveCfg = Release|Any CPU
		{2E8E7869-4681-4533-A16F-89C7B2E11A4C}.Release|Mixed Platforms.Build.0 = Release|Any CPU
		{2E8E7869-4681-4533-A16F-89C7B2E11A4C}.Release|x86.ActiveCfg = Release|Any CPU
		{47688498-C170-48CC-AF99-57F03F566F39}.Debug|Any CPU.ActiveCfg = Debug|Any CPU
		{47688498-C170-48CC-AF99-57F03F566F39}.Debug|Any CPU.Build.0 = Debug|Any CPU
		{47688498-C170-48CC-AF99-57F03F566F39}.Debug|Mixed Platforms.ActiveCfg = Debug|Any CPU
		{47688498-C170-48CC-AF99-57F03F566F39}.Debug|Mixed Platforms.Build.0 = Debug|Any CPU
		{47688498-C170-48CC-AF99-57F03F566F39}.Debug|x86.ActiveCfg = Debug|Any CPU
		{47688498-C170-48CC-AF99-57F03F566F39}.Release|Any CPU.ActiveCfg = Release|Any CPU
		{47688498-C170-48CC-AF99-57F03F566F39}.Release|Any CPU.Build.0 = Release|Any CPU
		{47688498-C170-48CC-AF99-57F03F566F39}.Release|Mixed Platforms.ActiveCfg = Release|Any CPU
		{47688498-C170-48CC-AF99-57F03F566F39}.Release|Mixed Platforms.Build.0 = Release|Any CPU
		{47688498-C170-48CC-AF99-57F03F566F39}.Release|x86.ActiveCfg = Release|Any CPU
		{A1E54724-77C2-4535-B268-C3650E064D41}.Debug|Any CPU.ActiveCfg = Debug|Any CPU
		{A1E54724-77C2-4535-B268-C3650E064D41}.Debug|Any CPU.Build.0 = Debug|Any CPU
		{A1E54724-77C2-4535-B268-C3650E064D41}.Debug|Mixed Platforms.ActiveCfg = Debug|Any CPU
		{A1E54724-77C2-4535-B268-C3650E064D41}.Debug|Mixed Platforms.Build.0 = Debug|Any CPU
		{A1E54724-77C2-4535-B268-C3650E064D41}.Debug|x86.ActiveCfg = Debug|Any CPU
		{A1E54724-77C2-4535-B268-C3650E064D41}.Release|Any CPU.ActiveCfg = Release|Any CPU
		{A1E54724-77C2-4535-B268-C3650E064D41}.Release|Any CPU.Build.0 = Release|Any CPU
		{A1E54724-77C2-4535-B268-C3650E064D41}.Release|Mixed Platforms.ActiveCfg = Release|Any CPU
		{A1E54724-77C2-4535-B268-C3650E064D41}.Release|Mixed Platforms.Build.0 = Release|Any CPU
		{A1E54724-77C2-4535-B268-C3650E064D41}.Release|x86.ActiveCfg = Release|Any CPU
		{F01E1404-5FEE-4490-B817-E195E962F83C}.Debug|Any CPU.ActiveCfg = Debug|Any CPU
		{F01E1404-5FEE-4490-B817-E195E962F83C}.Debug|Any CPU.Build.0 = Debug|Any CPU
		{F01E1404-5FEE-4490-B817-E195E962F83C}.Debug|Mixed Platforms.ActiveCfg = Debug|Any CPU
		{F01E1404-5FEE-4490-B817-E195E962F83C}.Debug|Mixed Platforms.Build.0 = Debug|Any CPU
		{F01E1404-5FEE-4490-B817-E195E962F83C}.Debug|x86.ActiveCfg = Debug|Any CPU
		{F01E1404-5FEE-4490-B817-E195E962F83C}.Release|Any CPU.ActiveCfg = Release|Any CPU
		{F01E1404-5FEE-4490-B817-E195E962F83C}.Release|Any CPU.Build.0 = Release|Any CPU
		{F01E1404-5FEE-4490-B817-E195E962F83C}.Release|Mixed Platforms.ActiveCfg = Release|Any CPU
		{F01E1404-5FEE-4490-B817-E195E962F83C}.Release|Mixed Platforms.Build.0 = Release|Any CPU
		{F01E1404-5FEE-4490-B817-E195E962F83C}.Release|x86.ActiveCfg = Release|Any CPU
		{A22C58BB-DB03-40AB-A61E-95469AD3B556}.Debug|Any CPU.ActiveCfg = Debug|x86
		{A22C58BB-DB03-40AB-A61E-95469AD3B556}.Debug|Mixed Platforms.ActiveCfg = Debug|x86
		{A22C58BB-DB03-40AB-A61E-95469AD3B556}.Debug|Mixed Platforms.Build.0 = Debug|x86
		{A22C58BB-DB03-40AB-A61E-95469AD3B556}.Debug|x86.ActiveCfg = Debug|x86
		{A22C58BB-DB03-40AB-A61E-95469AD3B556}.Debug|x86.Build.0 = Debug|x86
		{A22C58BB-DB03-40AB-A61E-95469AD3B556}.Release|Any CPU.ActiveCfg = Release|x86
		{A22C58BB-DB03-40AB-A61E-95469AD3B556}.Release|Mixed Platforms.ActiveCfg = Release|x86
		{A22C58BB-DB03-40AB-A61E-95469AD3B556}.Release|Mixed Platforms.Build.0 = Release|x86
		{A22C58BB-DB03-40AB-A61E-95469AD3B556}.Release|x86.ActiveCfg = Release|x86
		{A22C58BB-DB03-40AB-A61E-95469AD3B556}.Release|x86.Build.0 = Release|x86
		{0ED2A097-F354-49C4-8470-5200CDDFD23F}.Debug|Any CPU.ActiveCfg = Debug|x86
		{0ED2A097-F354-49C4-8470-5200CDDFD23F}.Debug|Mixed Platforms.ActiveCfg = Debug|x86
		{0ED2A097-F354-49C4-8470-5200CDDFD23F}.Debug|Mixed Platforms.Build.0 = Debug|x86
		{0ED2A097-F354-49C4-8470-5200CDDFD23F}.Debug|x86.ActiveCfg = Debug|x86
		{0ED2A097-F354-49C4-8470-5200CDDFD23F}.Debug|x86.Build.0 = Debug|x86
		{0ED2A097-F354-49C4-8470-5200CDDFD23F}.Release|Any CPU.ActiveCfg = Release|x86
		{0ED2A097-F354-49C4-8470-5200CDDFD23F}.Release|Mixed Platforms.ActiveCfg = Release|x86
		{0ED2A097-F354-49C4-8470-5200CDDFD23F}.Release|Mixed Platforms.Build.0 = Release|x86
		{0ED2A097-F354-49C4-8470-5200CDDFD23F}.Release|x86.ActiveCfg = Release|x86
		{0ED2A097-F354-49C4-8470-5200CDDFD23F}.Release|x86.Build.0 = Release|x86
		{0A7FBAB7-69D9-49E2-BD13-12371EC5B7D8}.Debug|Any CPU.ActiveCfg = Debug|Any CPU
		{0A7FBAB7-69D9-49E2-BD13-12371EC5B7D8}.Debug|Any CPU.Build.0 = Debug|Any CPU
		{0A7FBAB7-69D9-49E2-BD13-12371EC5B7D8}.Debug|Mixed Platforms.ActiveCfg = Debug|Any CPU
		{0A7FBAB7-69D9-49E2-BD13-12371EC5B7D8}.Debug|Mixed Platforms.Build.0 = Debug|Any CPU
		{0A7FBAB7-69D9-49E2-BD13-12371EC5B7D8}.Debug|x86.ActiveCfg = Debug|Any CPU
		{0A7FBAB7-69D9-49E2-BD13-12371EC5B7D8}.Release|Any CPU.ActiveCfg = Debug|Any CPU
		{0A7FBAB7-69D9-49E2-BD13-12371EC5B7D8}.Release|Any CPU.Build.0 = Debug|Any CPU
		{0A7FBAB7-69D9-49E2-BD13-12371EC5B7D8}.Release|Mixed Platforms.ActiveCfg = Debug|Any CPU
		{0A7FBAB7-69D9-49E2-BD13-12371EC5B7D8}.Release|Mixed Platforms.Build.0 = Debug|Any CPU
		{0A7FBAB7-69D9-49E2-BD13-12371EC5B7D8}.Release|x86.ActiveCfg = Debug|Any CPU
		{7E5DA224-280E-448C-9EBB-FA2527FA513E}.Debug|Any CPU.ActiveCfg = Debug|Any CPU
		{7E5DA224-280E-448C-9EBB-FA2527FA513E}.Debug|Any CPU.Build.0 = Debug|Any CPU
		{7E5DA224-280E-448C-9EBB-FA2527FA513E}.Debug|Mixed Platforms.ActiveCfg = Debug|Any CPU
		{7E5DA224-280E-448C-9EBB-FA2527FA513E}.Debug|Mixed Platforms.Build.0 = Debug|Any CPU
		{7E5DA224-280E-448C-9EBB-FA2527FA513E}.Debug|x86.ActiveCfg = Debug|Any CPU
		{7E5DA224-280E-448C-9EBB-FA2527FA513E}.Release|Any CPU.ActiveCfg = Debug|Any CPU
		{7E5DA224-280E-448C-9EBB-FA2527FA513E}.Release|Any CPU.Build.0 = Debug|Any CPU
		{7E5DA224-280E-448C-9EBB-FA2527FA513E}.Release|Mixed Platforms.ActiveCfg = Debug|Any CPU
		{7E5DA224-280E-448C-9EBB-FA2527FA513E}.Release|Mixed Platforms.Build.0 = Debug|Any CPU
		{7E5DA224-280E-448C-9EBB-FA2527FA513E}.Release|x86.ActiveCfg = Debug|Any CPU
		{6197CF94-EF2D-42E9-A871-6BA7B1407714}.Debug|Any CPU.ActiveCfg = Debug|Any CPU
		{6197CF94-EF2D-42E9-A871-6BA7B1407714}.Debug|Any CPU.Build.0 = Debug|Any CPU
		{6197CF94-EF2D-42E9-A871-6BA7B1407714}.Debug|Mixed Platforms.ActiveCfg = Debug|Any CPU
		{6197CF94-EF2D-42E9-A871-6BA7B1407714}.Debug|Mixed Platforms.Build.0 = Debug|Any CPU
		{6197CF94-EF2D-42E9-A871-6BA7B1407714}.Debug|x86.ActiveCfg = Debug|Any CPU
		{6197CF94-EF2D-42E9-A871-6BA7B1407714}.Release|Any CPU.ActiveCfg = Release|Any CPU
		{6197CF94-EF2D-42E9-A871-6BA7B1407714}.Release|Any CPU.Build.0 = Release|Any CPU
		{6197CF94-EF2D-42E9-A871-6BA7B1407714}.Release|Mixed Platforms.ActiveCfg = Release|Any CPU
		{6197CF94-EF2D-42E9-A871-6BA7B1407714}.Release|Mixed Platforms.Build.0 = Release|Any CPU
		{6197CF94-EF2D-42E9-A871-6BA7B1407714}.Release|x86.ActiveCfg = Release|Any CPU
		{3BFDD2B9-8C59-4073-A574-9F8200BFFEE2}.Debug|Any CPU.ActiveCfg = Debug|Any CPU
		{3BFDD2B9-8C59-4073-A574-9F8200BFFEE2}.Debug|Any CPU.Build.0 = Debug|Any CPU
		{3BFDD2B9-8C59-4073-A574-9F8200BFFEE2}.Debug|Mixed Platforms.ActiveCfg = Debug|Any CPU
		{3BFDD2B9-8C59-4073-A574-9F8200BFFEE2}.Debug|Mixed Platforms.Build.0 = Debug|Any CPU
		{3BFDD2B9-8C59-4073-A574-9F8200BFFEE2}.Debug|x86.ActiveCfg = Debug|Any CPU
		{3BFDD2B9-8C59-4073-A574-9F8200BFFEE2}.Release|Any CPU.ActiveCfg = Release|Any CPU
		{3BFDD2B9-8C59-4073-A574-9F8200BFFEE2}.Release|Any CPU.Build.0 = Release|Any CPU
		{3BFDD2B9-8C59-4073-A574-9F8200BFFEE2}.Release|Mixed Platforms.ActiveCfg = Release|Any CPU
		{3BFDD2B9-8C59-4073-A574-9F8200BFFEE2}.Release|Mixed Platforms.Build.0 = Release|Any CPU
		{3BFDD2B9-8C59-4073-A574-9F8200BFFEE2}.Release|x86.ActiveCfg = Release|Any CPU
		{5F0856E1-F20C-4A5D-BA3C-6069889F216D}.Debug|Any CPU.ActiveCfg = Debug|Any CPU
		{5F0856E1-F20C-4A5D-BA3C-6069889F216D}.Debug|Any CPU.Build.0 = Debug|Any CPU
		{5F0856E1-F20C-4A5D-BA3C-6069889F216D}.Debug|Mixed Platforms.ActiveCfg = Debug|Any CPU
		{5F0856E1-F20C-4A5D-BA3C-6069889F216D}.Debug|Mixed Platforms.Build.0 = Debug|Any CPU
		{5F0856E1-F20C-4A5D-BA3C-6069889F216D}.Debug|x86.ActiveCfg = Debug|Any CPU
		{5F0856E1-F20C-4A5D-BA3C-6069889F216D}.Release|Any CPU.ActiveCfg = Release|Any CPU
		{5F0856E1-F20C-4A5D-BA3C-6069889F216D}.Release|Any CPU.Build.0 = Release|Any CPU
		{5F0856E1-F20C-4A5D-BA3C-6069889F216D}.Release|Mixed Platforms.ActiveCfg = Release|Any CPU
		{5F0856E1-F20C-4A5D-BA3C-6069889F216D}.Release|Mixed Platforms.Build.0 = Release|Any CPU
		{5F0856E1-F20C-4A5D-BA3C-6069889F216D}.Release|x86.ActiveCfg = Release|Any CPU
		{E10B1D1A-6D48-42FB-AA2F-442762EABCE4}.Debug|Any CPU.ActiveCfg = Debug|Any CPU
		{E10B1D1A-6D48-42FB-AA2F-442762EABCE4}.Debug|Any CPU.Build.0 = Debug|Any CPU
		{E10B1D1A-6D48-42FB-AA2F-442762EABCE4}.Debug|Mixed Platforms.ActiveCfg = Debug|Any CPU
		{E10B1D1A-6D48-42FB-AA2F-442762EABCE4}.Debug|Mixed Platforms.Build.0 = Debug|Any CPU
		{E10B1D1A-6D48-42FB-AA2F-442762EABCE4}.Debug|x86.ActiveCfg = Debug|Any CPU
		{E10B1D1A-6D48-42FB-AA2F-442762EABCE4}.Release|Any CPU.ActiveCfg = Release|Any CPU
		{E10B1D1A-6D48-42FB-AA2F-442762EABCE4}.Release|Any CPU.Build.0 = Release|Any CPU
		{E10B1D1A-6D48-42FB-AA2F-442762EABCE4}.Release|Mixed Platforms.ActiveCfg = Release|Any CPU
		{E10B1D1A-6D48-42FB-AA2F-442762EABCE4}.Release|Mixed Platforms.Build.0 = Release|Any CPU
		{E10B1D1A-6D48-42FB-AA2F-442762EABCE4}.Release|x86.ActiveCfg = Release|Any CPU
		{6C7D74CB-63A0-4EE2-A858-4CDBEAB6C7AC}.Debug|Any CPU.ActiveCfg = Debug|Any CPU
		{6C7D74CB-63A0-4EE2-A858-4CDBEAB6C7AC}.Debug|Any CPU.Build.0 = Debug|Any CPU
		{6C7D74CB-63A0-4EE2-A858-4CDBEAB6C7AC}.Debug|Mixed Platforms.ActiveCfg = Debug|Any CPU
		{6C7D74CB-63A0-4EE2-A858-4CDBEAB6C7AC}.Debug|Mixed Platforms.Build.0 = Debug|Any CPU
		{6C7D74CB-63A0-4EE2-A858-4CDBEAB6C7AC}.Debug|x86.ActiveCfg = Debug|Any CPU
		{6C7D74CB-63A0-4EE2-A858-4CDBEAB6C7AC}.Release|Any CPU.ActiveCfg = Release|Any CPU
		{6C7D74CB-63A0-4EE2-A858-4CDBEAB6C7AC}.Release|Any CPU.Build.0 = Release|Any CPU
		{6C7D74CB-63A0-4EE2-A858-4CDBEAB6C7AC}.Release|Mixed Platforms.ActiveCfg = Release|Any CPU
		{6C7D74CB-63A0-4EE2-A858-4CDBEAB6C7AC}.Release|Mixed Platforms.Build.0 = Release|Any CPU
		{6C7D74CB-63A0-4EE2-A858-4CDBEAB6C7AC}.Release|x86.ActiveCfg = Release|Any CPU
		{B44D7649-CED4-4384-955C-385D6DD98610}.Debug|Any CPU.ActiveCfg = Debug|Any CPU
		{B44D7649-CED4-4384-955C-385D6DD98610}.Debug|Any CPU.Build.0 = Debug|Any CPU
		{B44D7649-CED4-4384-955C-385D6DD98610}.Debug|Mixed Platforms.ActiveCfg = Debug|Any CPU
		{B44D7649-CED4-4384-955C-385D6DD98610}.Debug|Mixed Platforms.Build.0 = Debug|Any CPU
		{B44D7649-CED4-4384-955C-385D6DD98610}.Debug|x86.ActiveCfg = Debug|Any CPU
		{B44D7649-CED4-4384-955C-385D6DD98610}.Release|Any CPU.ActiveCfg = Release|Any CPU
		{B44D7649-CED4-4384-955C-385D6DD98610}.Release|Any CPU.Build.0 = Release|Any CPU
		{B44D7649-CED4-4384-955C-385D6DD98610}.Release|Mixed Platforms.ActiveCfg = Release|Any CPU
		{B44D7649-CED4-4384-955C-385D6DD98610}.Release|Mixed Platforms.Build.0 = Release|Any CPU
		{B44D7649-CED4-4384-955C-385D6DD98610}.Release|x86.ActiveCfg = Release|Any CPU
		{E0ED1726-8264-4EB7-B72B-9E876C43BFB3}.Debug|Any CPU.ActiveCfg = Debug|x86
		{E0ED1726-8264-4EB7-B72B-9E876C43BFB3}.Debug|Mixed Platforms.ActiveCfg = Debug|x86
		{E0ED1726-8264-4EB7-B72B-9E876C43BFB3}.Debug|Mixed Platforms.Build.0 = Debug|x86
		{E0ED1726-8264-4EB7-B72B-9E876C43BFB3}.Debug|x86.ActiveCfg = Debug|x86
		{E0ED1726-8264-4EB7-B72B-9E876C43BFB3}.Debug|x86.Build.0 = Debug|x86
		{E0ED1726-8264-4EB7-B72B-9E876C43BFB3}.Release|Any CPU.ActiveCfg = Release|x86
		{E0ED1726-8264-4EB7-B72B-9E876C43BFB3}.Release|Mixed Platforms.ActiveCfg = Release|x86
		{E0ED1726-8264-4EB7-B72B-9E876C43BFB3}.Release|Mixed Platforms.Build.0 = Release|x86
		{E0ED1726-8264-4EB7-B72B-9E876C43BFB3}.Release|x86.ActiveCfg = Release|x86
		{E0ED1726-8264-4EB7-B72B-9E876C43BFB3}.Release|x86.Build.0 = Release|x86
		{4078DCFD-DDCC-44C1-AC1E-E7405FFA85FD}.Debug|Any CPU.ActiveCfg = Debug|x86
		{4078DCFD-DDCC-44C1-AC1E-E7405FFA85FD}.Debug|Mixed Platforms.ActiveCfg = Debug|x86
		{4078DCFD-DDCC-44C1-AC1E-E7405FFA85FD}.Debug|Mixed Platforms.Build.0 = Debug|x86
		{4078DCFD-DDCC-44C1-AC1E-E7405FFA85FD}.Debug|x86.ActiveCfg = Debug|x86
		{4078DCFD-DDCC-44C1-AC1E-E7405FFA85FD}.Debug|x86.Build.0 = Debug|x86
		{4078DCFD-DDCC-44C1-AC1E-E7405FFA85FD}.Release|Any CPU.ActiveCfg = Release|x86
		{4078DCFD-DDCC-44C1-AC1E-E7405FFA85FD}.Release|Mixed Platforms.ActiveCfg = Release|x86
		{4078DCFD-DDCC-44C1-AC1E-E7405FFA85FD}.Release|Mixed Platforms.Build.0 = Release|x86
		{4078DCFD-DDCC-44C1-AC1E-E7405FFA85FD}.Release|x86.ActiveCfg = Release|x86
		{4078DCFD-DDCC-44C1-AC1E-E7405FFA85FD}.Release|x86.Build.0 = Release|x86
		{4DB4659F-36E8-4865-8308-61EDB47716E7}.Debug|Any CPU.ActiveCfg = Debug|Any CPU
		{4DB4659F-36E8-4865-8308-61EDB47716E7}.Debug|Any CPU.Build.0 = Debug|Any CPU
		{4DB4659F-36E8-4865-8308-61EDB47716E7}.Debug|Mixed Platforms.ActiveCfg = Debug|Any CPU
		{4DB4659F-36E8-4865-8308-61EDB47716E7}.Debug|Mixed Platforms.Build.0 = Debug|Any CPU
		{4DB4659F-36E8-4865-8308-61EDB47716E7}.Debug|x86.ActiveCfg = Debug|Any CPU
		{4DB4659F-36E8-4865-8308-61EDB47716E7}.Debug|x86.Build.0 = Debug|Any CPU
		{4DB4659F-36E8-4865-8308-61EDB47716E7}.Release|Any CPU.ActiveCfg = Release|Any CPU
		{4DB4659F-36E8-4865-8308-61EDB47716E7}.Release|Any CPU.Build.0 = Release|Any CPU
		{4DB4659F-36E8-4865-8308-61EDB47716E7}.Release|Mixed Platforms.ActiveCfg = Release|Any CPU
		{4DB4659F-36E8-4865-8308-61EDB47716E7}.Release|Mixed Platforms.Build.0 = Release|Any CPU
		{4DB4659F-36E8-4865-8308-61EDB47716E7}.Release|x86.ActiveCfg = Release|Any CPU
		{4DB4659F-36E8-4865-8308-61EDB47716E7}.Release|x86.Build.0 = Release|Any CPU
		{B687532B-58D8-45D3-958D-D1B9EFE1C59A}.Debug|Any CPU.ActiveCfg = Debug|Any CPU
		{B687532B-58D8-45D3-958D-D1B9EFE1C59A}.Debug|Any CPU.Build.0 = Debug|Any CPU
		{B687532B-58D8-45D3-958D-D1B9EFE1C59A}.Debug|Mixed Platforms.ActiveCfg = Debug|Any CPU
		{B687532B-58D8-45D3-958D-D1B9EFE1C59A}.Debug|Mixed Platforms.Build.0 = Debug|Any CPU
		{B687532B-58D8-45D3-958D-D1B9EFE1C59A}.Debug|x86.ActiveCfg = Debug|Any CPU
		{B687532B-58D8-45D3-958D-D1B9EFE1C59A}.Debug|x86.Build.0 = Debug|Any CPU
		{B687532B-58D8-45D3-958D-D1B9EFE1C59A}.Release|Any CPU.ActiveCfg = Release|Any CPU
		{B687532B-58D8-45D3-958D-D1B9EFE1C59A}.Release|Any CPU.Build.0 = Release|Any CPU
		{B687532B-58D8-45D3-958D-D1B9EFE1C59A}.Release|Mixed Platforms.ActiveCfg = Release|Any CPU
		{B687532B-58D8-45D3-958D-D1B9EFE1C59A}.Release|Mixed Platforms.Build.0 = Release|Any CPU
		{B687532B-58D8-45D3-958D-D1B9EFE1C59A}.Release|x86.ActiveCfg = Release|Any CPU
		{B687532B-58D8-45D3-958D-D1B9EFE1C59A}.Release|x86.Build.0 = Release|Any CPU
		{A3C3081A-24BD-4E3D-A6F4-4949A7D415CB}.Debug|Any CPU.ActiveCfg = Debug|Any CPU
		{A3C3081A-24BD-4E3D-A6F4-4949A7D415CB}.Debug|Any CPU.Build.0 = Debug|Any CPU
		{A3C3081A-24BD-4E3D-A6F4-4949A7D415CB}.Debug|Mixed Platforms.ActiveCfg = Debug|Any CPU
		{A3C3081A-24BD-4E3D-A6F4-4949A7D415CB}.Debug|Mixed Platforms.Build.0 = Debug|Any CPU
		{A3C3081A-24BD-4E3D-A6F4-4949A7D415CB}.Debug|x86.ActiveCfg = Debug|Any CPU
		{A3C3081A-24BD-4E3D-A6F4-4949A7D415CB}.Debug|x86.Build.0 = Debug|Any CPU
		{A3C3081A-24BD-4E3D-A6F4-4949A7D415CB}.Release|Any CPU.ActiveCfg = Release|Any CPU
		{A3C3081A-24BD-4E3D-A6F4-4949A7D415CB}.Release|Any CPU.Build.0 = Release|Any CPU
		{A3C3081A-24BD-4E3D-A6F4-4949A7D415CB}.Release|Mixed Platforms.ActiveCfg = Release|Any CPU
		{A3C3081A-24BD-4E3D-A6F4-4949A7D415CB}.Release|Mixed Platforms.Build.0 = Release|Any CPU
		{A3C3081A-24BD-4E3D-A6F4-4949A7D415CB}.Release|x86.ActiveCfg = Release|Any CPU
		{A3C3081A-24BD-4E3D-A6F4-4949A7D415CB}.Release|x86.Build.0 = Release|Any CPU
		{E98126B2-AF17-4783-96B9-856D6744DCA3}.Debug|Any CPU.ActiveCfg = Debug|Any CPU
		{E98126B2-AF17-4783-96B9-856D6744DCA3}.Debug|Any CPU.Build.0 = Debug|Any CPU
		{E98126B2-AF17-4783-96B9-856D6744DCA3}.Debug|Mixed Platforms.ActiveCfg = Debug|Any CPU
		{E98126B2-AF17-4783-96B9-856D6744DCA3}.Debug|Mixed Platforms.Build.0 = Debug|Any CPU
		{E98126B2-AF17-4783-96B9-856D6744DCA3}.Debug|x86.ActiveCfg = Debug|Any CPU
		{E98126B2-AF17-4783-96B9-856D6744DCA3}.Debug|x86.Build.0 = Debug|Any CPU
		{E98126B2-AF17-4783-96B9-856D6744DCA3}.Release|Any CPU.ActiveCfg = Release|Any CPU
		{E98126B2-AF17-4783-96B9-856D6744DCA3}.Release|Any CPU.Build.0 = Release|Any CPU
		{E98126B2-AF17-4783-96B9-856D6744DCA3}.Release|Mixed Platforms.ActiveCfg = Release|Any CPU
		{E98126B2-AF17-4783-96B9-856D6744DCA3}.Release|Mixed Platforms.Build.0 = Release|Any CPU
		{E98126B2-AF17-4783-96B9-856D6744DCA3}.Release|x86.ActiveCfg = Release|Any CPU
		{E98126B2-AF17-4783-96B9-856D6744DCA3}.Release|x86.Build.0 = Release|Any CPU
		{DB866CDE-02C4-4E5B-9C41-C7F0A5F487D6}.Debug|Any CPU.ActiveCfg = Debug|Any CPU
		{DB866CDE-02C4-4E5B-9C41-C7F0A5F487D6}.Debug|Any CPU.Build.0 = Debug|Any CPU
		{DB866CDE-02C4-4E5B-9C41-C7F0A5F487D6}.Debug|Mixed Platforms.ActiveCfg = Debug|Any CPU
		{DB866CDE-02C4-4E5B-9C41-C7F0A5F487D6}.Debug|Mixed Platforms.Build.0 = Debug|Any CPU
		{DB866CDE-02C4-4E5B-9C41-C7F0A5F487D6}.Debug|x86.ActiveCfg = Debug|Any CPU
		{DB866CDE-02C4-4E5B-9C41-C7F0A5F487D6}.Debug|x86.Build.0 = Debug|Any CPU
		{DB866CDE-02C4-4E5B-9C41-C7F0A5F487D6}.Release|Any CPU.ActiveCfg = Release|Any CPU
		{DB866CDE-02C4-4E5B-9C41-C7F0A5F487D6}.Release|Any CPU.Build.0 = Release|Any CPU
		{DB866CDE-02C4-4E5B-9C41-C7F0A5F487D6}.Release|Mixed Platforms.ActiveCfg = Release|Any CPU
		{DB866CDE-02C4-4E5B-9C41-C7F0A5F487D6}.Release|Mixed Platforms.Build.0 = Release|Any CPU
		{DB866CDE-02C4-4E5B-9C41-C7F0A5F487D6}.Release|x86.ActiveCfg = Release|Any CPU
		{DB866CDE-02C4-4E5B-9C41-C7F0A5F487D6}.Release|x86.Build.0 = Release|Any CPU
		{95262445-AD69-4BF5-96A8-CAE53405AFAD}.Debug|Any CPU.ActiveCfg = Debug|Any CPU
		{95262445-AD69-4BF5-96A8-CAE53405AFAD}.Debug|Any CPU.Build.0 = Debug|Any CPU
		{95262445-AD69-4BF5-96A8-CAE53405AFAD}.Debug|Mixed Platforms.ActiveCfg = Debug|Any CPU
		{95262445-AD69-4BF5-96A8-CAE53405AFAD}.Debug|Mixed Platforms.Build.0 = Debug|Any CPU
		{95262445-AD69-4BF5-96A8-CAE53405AFAD}.Debug|x86.ActiveCfg = Debug|Any CPU
		{95262445-AD69-4BF5-96A8-CAE53405AFAD}.Debug|x86.Build.0 = Debug|Any CPU
		{95262445-AD69-4BF5-96A8-CAE53405AFAD}.Release|Any CPU.ActiveCfg = Release|Any CPU
		{95262445-AD69-4BF5-96A8-CAE53405AFAD}.Release|Any CPU.Build.0 = Release|Any CPU
		{95262445-AD69-4BF5-96A8-CAE53405AFAD}.Release|Mixed Platforms.ActiveCfg = Release|Any CPU
		{95262445-AD69-4BF5-96A8-CAE53405AFAD}.Release|Mixed Platforms.Build.0 = Release|Any CPU
		{95262445-AD69-4BF5-96A8-CAE53405AFAD}.Release|x86.ActiveCfg = Release|Any CPU
		{95262445-AD69-4BF5-96A8-CAE53405AFAD}.Release|x86.Build.0 = Release|Any CPU
		{C3D0F8DB-E53B-4C50-9096-CC175E79AB88}.Debug|Any CPU.ActiveCfg = Debug|Any CPU
		{C3D0F8DB-E53B-4C50-9096-CC175E79AB88}.Debug|Any CPU.Build.0 = Debug|Any CPU
		{C3D0F8DB-E53B-4C50-9096-CC175E79AB88}.Debug|Mixed Platforms.ActiveCfg = Debug|Any CPU
		{C3D0F8DB-E53B-4C50-9096-CC175E79AB88}.Debug|Mixed Platforms.Build.0 = Debug|Any CPU
		{C3D0F8DB-E53B-4C50-9096-CC175E79AB88}.Debug|x86.ActiveCfg = Debug|Any CPU
		{C3D0F8DB-E53B-4C50-9096-CC175E79AB88}.Debug|x86.Build.0 = Debug|Any CPU
		{C3D0F8DB-E53B-4C50-9096-CC175E79AB88}.Release|Any CPU.ActiveCfg = Release|Any CPU
		{C3D0F8DB-E53B-4C50-9096-CC175E79AB88}.Release|Any CPU.Build.0 = Release|Any CPU
		{C3D0F8DB-E53B-4C50-9096-CC175E79AB88}.Release|Mixed Platforms.ActiveCfg = Release|Any CPU
		{C3D0F8DB-E53B-4C50-9096-CC175E79AB88}.Release|Mixed Platforms.Build.0 = Release|Any CPU
		{C3D0F8DB-E53B-4C50-9096-CC175E79AB88}.Release|x86.ActiveCfg = Release|Any CPU
		{C3D0F8DB-E53B-4C50-9096-CC175E79AB88}.Release|x86.Build.0 = Release|Any CPU
		{071D11A3-C2F4-4F95-84AC-9A686FFACFFB}.Debug|Any CPU.ActiveCfg = Debug|Any CPU
		{071D11A3-C2F4-4F95-84AC-9A686FFACFFB}.Debug|Any CPU.Build.0 = Debug|Any CPU
		{071D11A3-C2F4-4F95-84AC-9A686FFACFFB}.Debug|Mixed Platforms.ActiveCfg = Debug|Any CPU
		{071D11A3-C2F4-4F95-84AC-9A686FFACFFB}.Debug|Mixed Platforms.Build.0 = Debug|Any CPU
		{071D11A3-C2F4-4F95-84AC-9A686FFACFFB}.Debug|x86.ActiveCfg = Debug|Any CPU
		{071D11A3-C2F4-4F95-84AC-9A686FFACFFB}.Debug|x86.Build.0 = Debug|Any CPU
		{071D11A3-C2F4-4F95-84AC-9A686FFACFFB}.Release|Any CPU.ActiveCfg = Release|Any CPU
		{071D11A3-C2F4-4F95-84AC-9A686FFACFFB}.Release|Any CPU.Build.0 = Release|Any CPU
		{071D11A3-C2F4-4F95-84AC-9A686FFACFFB}.Release|Mixed Platforms.ActiveCfg = Release|Any CPU
		{071D11A3-C2F4-4F95-84AC-9A686FFACFFB}.Release|Mixed Platforms.Build.0 = Release|Any CPU
		{071D11A3-C2F4-4F95-84AC-9A686FFACFFB}.Release|x86.ActiveCfg = Release|Any CPU
		{071D11A3-C2F4-4F95-84AC-9A686FFACFFB}.Release|x86.Build.0 = Release|Any CPU
		{0EEEDCD7-E0EB-40A0-9403-833EF3594F44}.Debug|Any CPU.ActiveCfg = Debug|Any CPU
		{0EEEDCD7-E0EB-40A0-9403-833EF3594F44}.Debug|Any CPU.Build.0 = Debug|Any CPU
		{0EEEDCD7-E0EB-40A0-9403-833EF3594F44}.Debug|Mixed Platforms.ActiveCfg = Debug|Any CPU
		{0EEEDCD7-E0EB-40A0-9403-833EF3594F44}.Debug|Mixed Platforms.Build.0 = Debug|Any CPU
		{0EEEDCD7-E0EB-40A0-9403-833EF3594F44}.Debug|x86.ActiveCfg = Debug|Any CPU
		{0EEEDCD7-E0EB-40A0-9403-833EF3594F44}.Debug|x86.Build.0 = Debug|Any CPU
		{0EEEDCD7-E0EB-40A0-9403-833EF3594F44}.Release|Any CPU.ActiveCfg = Release|Any CPU
		{0EEEDCD7-E0EB-40A0-9403-833EF3594F44}.Release|Any CPU.Build.0 = Release|Any CPU
		{0EEEDCD7-E0EB-40A0-9403-833EF3594F44}.Release|Mixed Platforms.ActiveCfg = Release|Any CPU
		{0EEEDCD7-E0EB-40A0-9403-833EF3594F44}.Release|Mixed Platforms.Build.0 = Release|Any CPU
		{0EEEDCD7-E0EB-40A0-9403-833EF3594F44}.Release|x86.ActiveCfg = Release|Any CPU
		{0EEEDCD7-E0EB-40A0-9403-833EF3594F44}.Release|x86.Build.0 = Release|Any CPU
	EndGlobalSection
	GlobalSection(SolutionProperties) = preSolution
		HideSolutionNode = FALSE
	EndGlobalSection
	GlobalSection(NestedProjects) = preSolution
		{2E8E7869-4681-4533-A16F-89C7B2E11A4C} = {0A4116D9-663E-4791-9981-10BA821674B0}
		{47688498-C170-48CC-AF99-57F03F566F39} = {0A4116D9-663E-4791-9981-10BA821674B0}
		{A1E54724-77C2-4535-B268-C3650E064D41} = {0A4116D9-663E-4791-9981-10BA821674B0}
		{F01E1404-5FEE-4490-B817-E195E962F83C} = {346D1B55-E965-476A-814E-3E37B3140487}
		{A22C58BB-DB03-40AB-A61E-95469AD3B556} = {346D1B55-E965-476A-814E-3E37B3140487}
		{0ED2A097-F354-49C4-8470-5200CDDFD23F} = {346D1B55-E965-476A-814E-3E37B3140487}
		{0A7FBAB7-69D9-49E2-BD13-12371EC5B7D8} = {346D1B55-E965-476A-814E-3E37B3140487}
		{7E5DA224-280E-448C-9EBB-FA2527FA513E} = {0A4116D9-663E-4791-9981-10BA821674B0}
		{6197CF94-EF2D-42E9-A871-6BA7B1407714} = {B86B375B-35F5-49AF-BF62-DEA94069FC0E}
		{3BFDD2B9-8C59-4073-A574-9F8200BFFEE2} = {B86B375B-35F5-49AF-BF62-DEA94069FC0E}
		{E10B1D1A-6D48-42FB-AA2F-442762EABCE4} = {B86B375B-35F5-49AF-BF62-DEA94069FC0E}
		{6C7D74CB-63A0-4EE2-A858-4CDBEAB6C7AC} = {B86B375B-35F5-49AF-BF62-DEA94069FC0E}
		{B44D7649-CED4-4384-955C-385D6DD98610} = {BB2AAA83-0488-42E0-98D3-C08100C21BA7}
		{E0ED1726-8264-4EB7-B72B-9E876C43BFB3} = {BB2AAA83-0488-42E0-98D3-C08100C21BA7}
		{4078DCFD-DDCC-44C1-AC1E-E7405FFA85FD} = {BB2AAA83-0488-42E0-98D3-C08100C21BA7}
		{4DB4659F-36E8-4865-8308-61EDB47716E7} = {B86B375B-35F5-49AF-BF62-DEA94069FC0E}
		{B687532B-58D8-45D3-958D-D1B9EFE1C59A} = {B86B375B-35F5-49AF-BF62-DEA94069FC0E}
		{A3C3081A-24BD-4E3D-A6F4-4949A7D415CB} = {B86B375B-35F5-49AF-BF62-DEA94069FC0E}
		{E98126B2-AF17-4783-96B9-856D6744DCA3} = {B86B375B-35F5-49AF-BF62-DEA94069FC0E}
		{DB866CDE-02C4-4E5B-9C41-C7F0A5F487D6} = {B86B375B-35F5-49AF-BF62-DEA94069FC0E}
		{95262445-AD69-4BF5-96A8-CAE53405AFAD} = {B86B375B-35F5-49AF-BF62-DEA94069FC0E}
		{C3D0F8DB-E53B-4C50-9096-CC175E79AB88} = {B86B375B-35F5-49AF-BF62-DEA94069FC0E}
		{071D11A3-C2F4-4F95-84AC-9A686FFACFFB} = {B86B375B-35F5-49AF-BF62-DEA94069FC0E}
		{0EEEDCD7-E0EB-40A0-9403-833EF3594F44} = {B86B375B-35F5-49AF-BF62-DEA94069FC0E}
	EndGlobalSection
	GlobalSection(ExtensibilityGlobals) = postSolution
		SolutionGuid = {541E3846-C923-4B89-8D71-538CB0CC6F1C}
	EndGlobalSection
EndGlobal
