Microsoft Visual Studio Solution File, Format Version 12.00
# Visual Studio 14
VisualStudioVersion = 14.0.25420.1
MinimumVisualStudioVersion = 10.0.40219.1
Project("{FAE04EC0-301F-11D3-BF4B-00C04F79EFBC}") = "DllFarmaciaSoft", "..\..\MODULOS\DllFarmaciaSoft\DllFarmaciaSoft.csproj", "{6197CF94-EF2D-42E9-A871-6BA7B1407714}"
EndProject
Project("{2150E333-8FDC-42A3-9474-1A3956D46DE8}") = "zDlls", "zDlls", "{F803028D-F499-4BEB-9F00-C9F08E336210}"
EndProject
Project("{2150E333-8FDC-42A3-9474-1A3956D46DE8}") = "Interfaces", "Interfaces", "{53F5BCB9-CE8B-4095-A8A8-710E97928611}"
EndProject
Project("{2150E333-8FDC-42A3-9474-1A3956D46DE8}") = "SIGHO", "SIGHO", "{2C8AB917-A8D6-4506-9329-C04BF95667CE}"
EndProject
Project("{FAE04EC0-301F-11D3-BF4B-00C04F79EFBC}") = "Dll_IRE_SIGHO", "..\INTERFACE_ECE__SIGHO\Dll_IRE_SIGHO\Dll_IRE_SIGHO.csproj", "{C3D0F8DB-E53B-4C50-9096-CC175E79AB88}"
EndProject
Project("{FAE04EC0-301F-11D3-BF4B-00C04F79EFBC}") = "wsWebDll_SII_IRE_SIGHO", "..\INTERFACE_ECE__SIGHO\wsWebDll_SII_IRE_SIGHO\wsWebDll_SII_IRE_SIGHO.csproj", "{D4429272-BA2F-4129-8844-DD0F5CF1AC71}"
EndProject
Project("{FAE04EC0-301F-11D3-BF4B-00C04F79EFBC}") = "ISIGHOECE SERVICIOS", "..\INTERFACE_ECE__SIGHO\Demonio\ISIGHOECE SERVICIOS.csproj", "{FDAA49FF-59A1-40D3-91CF-81DCD371E1FB}"
EndProject
Project("{2150E333-8FDC-42A3-9474-1A3956D46DE8}") = "SIADISSEP", "SIADISSEP", "{568E0741-DE9A-4B7C-BE1C-99FE14FF1C73}"
EndProject
Project("{2150E333-8FDC-42A3-9474-1A3956D46DE8}") = "INTERMED", "INTERMED", "{EB2D9A0D-B1B5-49AD-B443-75F7A907295A}"
EndProject
Project("{FAE04EC0-301F-11D3-BF4B-00C04F79EFBC}") = "Dll_IRE_INTERMED", "..\INTERFACE_ECE__INTERMED\Dll_IRE_INTERMED\Dll_IRE_INTERMED.csproj", "{95262445-AD69-4BF5-96A8-CAE53405AFAD}"
EndProject
Project("{FAE04EC0-301F-11D3-BF4B-00C04F79EFBC}") = "wsWebDll_SII_IRE_INTERMED", "..\INTERFACE_ECE__INTERMED\wsWebDll_SII_IRE_INTERMED\wsWebDll_SII_IRE_INTERMED.csproj", "{CC2D54FF-F8F1-499A-BB64-76FA9BBDD336}"
EndProject
Project("{E24C65DC-7377-472B-9ABA-BC803B73C61A}") = "wsSII_INT_IRE_INTERMED", "..\INTERFACE_ECE__INTERMED\wsSII_INT_IRE_INTERMED", "{DD8C3A42-7BD0-4CB1-95D6-F612366134FE}"
	ProjectSection(WebsiteProperties) = preProject
		SccProjectName = ""
		SccAuxPath = ""
		SccLocalPath = ""
		SccProvider = ""
		TargetFrameworkMoniker = ".NETFramework,Version%3Dv3.5"
		ProjectReferences = "{CC2D54FF-F8F1-499A-BB64-76FA9BBDD336}|wsWebDll_SII_IRE_INTERMED.dll;{95262445-AD69-4BF5-96A8-CAE53405AFAD}|Dll_IRE_INTERMED.dll;{6197CF94-EF2D-42E9-A871-6BA7B1407714}|DllFarmaciaSoft.dll;"
		Debug.AspNetCompiler.VirtualPath = "/wsSII_INT_IRE_INTERMED"
		Debug.AspNetCompiler.PhysicalPath = "..\INTERFACE_ECE__INTERMED\wsSII_INT_IRE_INTERMED\"
		Debug.AspNetCompiler.TargetPath = "PrecompiledWeb\wsSII_INT_IRE_INTERMED\"
		Debug.AspNetCompiler.Updateable = "true"
		Debug.AspNetCompiler.ForceOverwrite = "true"
		Debug.AspNetCompiler.FixedNames = "false"
		Debug.AspNetCompiler.Debug = "True"
		Release.AspNetCompiler.VirtualPath = "/wsSII_INT_IRE_INTERMED"
		Release.AspNetCompiler.PhysicalPath = "..\INTERFACE_ECE__INTERMED\wsSII_INT_IRE_INTERMED\"
		Release.AspNetCompiler.TargetPath = "PrecompiledWeb\wsSII_INT_IRE_INTERMED\"
		Release.AspNetCompiler.Updateable = "true"
		Release.AspNetCompiler.ForceOverwrite = "true"
		Release.AspNetCompiler.FixedNames = "false"
		Release.AspNetCompiler.Debug = "False"
		VWDPort = "19071"
		SlnRelativePath = "..\INTERFACE_ECE__INTERMED\wsSII_INT_IRE_INTERMED\"
	EndProjectSection
EndProject
Project("{E24C65DC-7377-472B-9ABA-BC803B73C61A}") = "wsSII_INT_IRE_SIGHO", "..\INTERFACE_ECE__SIGHO\wsSII_INT_IRE_SIGHO", "{327D49DC-0C4F-490E-A83C-B0FBF2A42AC2}"
	ProjectSection(WebsiteProperties) = preProject
		SccProjectName = ""
		SccAuxPath = ""
		SccLocalPath = ""
		SccProvider = ""
		TargetFrameworkMoniker = ".NETFramework,Version%3Dv3.5"
		ProjectReferences = "{C3D0F8DB-E53B-4C50-9096-CC175E79AB88}|Dll_IRE_SIGHO.dll;{6197CF94-EF2D-42E9-A871-6BA7B1407714}|DllFarmaciaSoft.dll;{D4429272-BA2F-4129-8844-DD0F5CF1AC71}|wsWebDll_SII_IRE_SIGHO.dll;"
		Debug.AspNetCompiler.VirtualPath = "/wsSII_INT_IRE_SIGHO"
		Debug.AspNetCompiler.PhysicalPath = "..\INTERFACE_ECE__SIGHO\wsSII_INT_IRE_SIGHO\"
		Debug.AspNetCompiler.TargetPath = "PrecompiledWeb\wsSII_INT_IRE_SIGHO\"
		Debug.AspNetCompiler.Updateable = "true"
		Debug.AspNetCompiler.ForceOverwrite = "true"
		Debug.AspNetCompiler.FixedNames = "false"
		Debug.AspNetCompiler.Debug = "True"
		Release.AspNetCompiler.VirtualPath = "/wsSII_INT_IRE_SIGHO"
		Release.AspNetCompiler.PhysicalPath = "..\INTERFACE_ECE__SIGHO\wsSII_INT_IRE_SIGHO\"
		Release.AspNetCompiler.TargetPath = "PrecompiledWeb\wsSII_INT_IRE_SIGHO\"
		Release.AspNetCompiler.Updateable = "true"
		Release.AspNetCompiler.ForceOverwrite = "true"
		Release.AspNetCompiler.FixedNames = "false"
		Release.AspNetCompiler.Debug = "False"
		VWDPort = "6813"
		SlnRelativePath = "..\INTERFACE_ECE__SIGHO\wsSII_INT_IRE_SIGHO\"
	EndProjectSection
EndProject
Project("{FAE04EC0-301F-11D3-BF4B-00C04F79EFBC}") = "Dll_INT_CNNSIADISSEP", "..\INTERFACE_ECE__SIADISSEP\Dll_INT_CNNSIADISSEP\Dll_INT_CNNSIADISSEP.csproj", "{A9505870-324F-4B94-81E1-B3DD9D290457}"
EndProject
Project("{FAE04EC0-301F-11D3-BF4B-00C04F79EFBC}") = "Dll_ISIADISSEP", "..\INTERFACE_ECE__SIADISSEP\Dll_ISIADISSEP\Dll_ISIADISSEP.csproj", "{A7E19520-86D7-4CEE-9317-86039040FFA2}"
EndProject
Project("{FAE04EC0-301F-11D3-BF4B-00C04F79EFBC}") = "ISIADISSEP SERVICIOS", "..\INTERFACE_ECE__SIADISSEP\ISIADISSEP SERVICIOS\ISIADISSEP SERVICIOS.csproj", "{1A984606-021B-480E-8B50-9E9BBABDBD48}"
EndProject
Project("{FAE04EC0-301F-11D3-BF4B-00C04F79EFBC}") = "wsWebDll_CNN_ISIADISSEP", "..\INTERFACE_ECE__SIADISSEP\wsWebDll_CNN_ISIADISSEP\wsWebDll_CNN_ISIADISSEP.csproj", "{39DE3651-00E1-42EE-A615-26AAA65EED54}"
EndProject
Project("{FAE04EC0-301F-11D3-BF4B-00C04F79EFBC}") = "wsWebDll_SII_ISIADISSEP", "..\INTERFACE_ECE__SIADISSEP\wsWebDll_SII_ISIADISSEP\wsWebDll_SII_ISIADISSEP.csproj", "{B94FD70F-E164-4863-B256-5F960CE31869}"
EndProject
Project("{E24C65DC-7377-472B-9ABA-BC803B73C61A}") = "wsSII_CNN_ISIADISSEP", "..\INTERFACE_ECE__SIADISSEP\wsSII_CNN_ISIADISSEP", "{9674FF0B-774A-4EAF-9406-F6EF32CA6570}"
	ProjectSection(WebsiteProperties) = preProject
		SccProjectName = ""
		SccAuxPath = ""
		SccLocalPath = ""
		SccProvider = ""
		TargetFrameworkMoniker = ".NETFramework,Version%3Dv3.5"
		Debug.AspNetCompiler.VirtualPath = "/wsSII_CNN_ISIADISSEP"
		Debug.AspNetCompiler.PhysicalPath = "..\INTERFACE_ECE__SIADISSEP\wsSII_CNN_ISIADISSEP\"
		Debug.AspNetCompiler.TargetPath = "PrecompiledWeb\wsSII_CNN_ISIADISSEP\"
		Debug.AspNetCompiler.Updateable = "true"
		Debug.AspNetCompiler.ForceOverwrite = "true"
		Debug.AspNetCompiler.FixedNames = "false"
		Debug.AspNetCompiler.Debug = "True"
		Release.AspNetCompiler.VirtualPath = "/wsSII_CNN_ISIADISSEP"
		Release.AspNetCompiler.PhysicalPath = "..\INTERFACE_ECE__SIADISSEP\wsSII_CNN_ISIADISSEP\"
		Release.AspNetCompiler.TargetPath = "PrecompiledWeb\wsSII_CNN_ISIADISSEP\"
		Release.AspNetCompiler.Updateable = "true"
		Release.AspNetCompiler.ForceOverwrite = "true"
		Release.AspNetCompiler.FixedNames = "false"
		Release.AspNetCompiler.Debug = "False"
		VWDPort = "6179"
		SlnRelativePath = "..\INTERFACE_ECE__SIADISSEP\wsSII_CNN_ISIADISSEP\"
	EndProjectSection
EndProject
Project("{E24C65DC-7377-472B-9ABA-BC803B73C61A}") = "wsWebDll_CNN_ISIADISSEP", "..\INTERFACE_ECE__SIADISSEP\wsWebDll_CNN_ISIADISSEP", "{43C99649-86E0-47B5-84AA-F4A188213CC4}"
	ProjectSection(WebsiteProperties) = preProject
		SccProjectName = ""
		SccAuxPath = ""
		SccLocalPath = ""
		SccProvider = ""
		TargetFrameworkMoniker = ".NETFramework,Version%3Dv4.0"
		ProjectReferences = "{B94FD70F-E164-4863-B256-5F960CE31869}|wsWebDll_SII_ISIADISSEP.dll;{A7E19520-86D7-4CEE-9317-86039040FFA2}|Dll_ISIADISSEP.dll;{6197CF94-EF2D-42E9-A871-6BA7B1407714}|DllFarmaciaSoft.dll;"
		Debug.AspNetCompiler.VirtualPath = "/wsWebDll_CNN_ISIADISSEP"
		Debug.AspNetCompiler.PhysicalPath = "..\INTERFACE_ECE__SIADISSEP\wsWebDll_CNN_ISIADISSEP\"
		Debug.AspNetCompiler.TargetPath = "PrecompiledWeb\wsWebDll_CNN_ISIADISSEP\"
		Debug.AspNetCompiler.Updateable = "true"
		Debug.AspNetCompiler.ForceOverwrite = "true"
		Debug.AspNetCompiler.FixedNames = "false"
		Debug.AspNetCompiler.Debug = "True"
		Release.AspNetCompiler.VirtualPath = "/wsWebDll_CNN_ISIADISSEP"
		Release.AspNetCompiler.PhysicalPath = "..\INTERFACE_ECE__SIADISSEP\wsWebDll_CNN_ISIADISSEP\"
		Release.AspNetCompiler.TargetPath = "PrecompiledWeb\wsWebDll_CNN_ISIADISSEP\"
		Release.AspNetCompiler.Updateable = "true"
		Release.AspNetCompiler.ForceOverwrite = "true"
		Release.AspNetCompiler.FixedNames = "false"
		Release.AspNetCompiler.Debug = "False"
		VWDPort = "24545"
		SlnRelativePath = "..\INTERFACE_ECE__SIADISSEP\wsWebDll_CNN_ISIADISSEP\"
	EndProjectSection
EndProject
Project("{FAE04EC0-301F-11D3-BF4B-00C04F79EFBC}") = "TEST_ISIADISSEP", "..\INTERFACE_ECE__SIADISSEP\TEST_ISIADISSEP\TEST_ISIADISSEP.csproj", "{C0BF436B-A563-4675-85F6-B20ADE0C3C34}"
EndProject
Project("{2150E333-8FDC-42A3-9474-1A3956D46DE8}") = "AMPM", "AMPM", "{46F8D280-459B-47B2-A923-6B3C4D423379}"
EndProject
Project("{FAE04EC0-301F-11D3-BF4B-00C04F79EFBC}") = "Dll_IRE_AMPM", "..\INTERFACE_ECE__AMPM\Dll_IRE_AMPM\Dll_IRE_AMPM.csproj", "{E472A2CF-BB7B-4EAC-A14F-C9C56F943638}"
EndProject
Project("{E24C65DC-7377-472B-9ABA-BC803B73C61A}") = "wsSII_IRE_AMPM", "..\INTERFACE_ECE__AMPM\wsSII_IRE_AMPM", "{B1182403-F6B6-4988-A29D-238095419C6B}"
	ProjectSection(WebsiteProperties) = preProject
		SccProjectName = ""
		SccAuxPath = ""
		SccLocalPath = ""
		SccProvider = ""
		TargetFrameworkMoniker = ".NETFramework,Version%3Dv4.0"
		ProjectReferences = "{E472A2CF-BB7B-4EAC-A14F-C9C56F943638}|Dll_IRE_AMPM.dll;{6197CF94-EF2D-42E9-A871-6BA7B1407714}|DllFarmaciaSoft.dll;"
		Debug.AspNetCompiler.VirtualPath = "/wsSII_IRE_AMPM"
		Debug.AspNetCompiler.PhysicalPath = "..\INTERFACE_ECE__AMPM\wsSII_IRE_AMPM\"
		Debug.AspNetCompiler.TargetPath = "PrecompiledWeb\wsSII_IRE_AMPM\"
		Debug.AspNetCompiler.Updateable = "true"
		Debug.AspNetCompiler.ForceOverwrite = "true"
		Debug.AspNetCompiler.FixedNames = "false"
		Debug.AspNetCompiler.Debug = "True"
		Release.AspNetCompiler.VirtualPath = "/wsSII_IRE_AMPM"
		Release.AspNetCompiler.PhysicalPath = "..\INTERFACE_ECE__AMPM\wsSII_IRE_AMPM\"
		Release.AspNetCompiler.TargetPath = "PrecompiledWeb\wsSII_IRE_AMPM\"
		Release.AspNetCompiler.Updateable = "true"
		Release.AspNetCompiler.ForceOverwrite = "true"
		Release.AspNetCompiler.FixedNames = "false"
		Release.AspNetCompiler.Debug = "False"
		VWDPort = "11684"
		SlnRelativePath = "..\INTERFACE_ECE__AMPM\wsSII_IRE_AMPM\"
	EndProjectSection
EndProject
Project("{FAE04EC0-301F-11D3-BF4B-00C04F79EFBC}") = "INTERMED SERVICIOS", "..\INTERFACE_ECE__INTERMED\Demonio\INTERMED SERVICIOS.csproj", "{13573F6B-78F5-42CA-8792-B438ABD92481}"
EndProject
Project("{FAE04EC0-301F-11D3-BF4B-00C04F79EFBC}") = "DllRecetaElectronica", "DllRecetaElectronica\DllRecetaElectronica.csproj", "{B687532B-58D8-45D3-958D-D1B9EFE1C59A}"
EndProject
Project("{2150E333-8FDC-42A3-9474-1A3956D46DE8}") = "SESEQ", "SESEQ", "{BDD54DB7-F7C7-4D96-B8B3-4614CE63FC27}"
EndProject
Project("{FAE04EC0-301F-11D3-BF4B-00C04F79EFBC}") = "Dll_INT_CNNSESEQ", "..\INTERFACE_ECE__SESEQ\Dll_INT_CNNSESEQ\Dll_INT_CNNSESEQ.csproj", "{C420B431-5394-4CCD-8FCB-18B17CC388B9}"
EndProject
Project("{FAE04EC0-301F-11D3-BF4B-00C04F79EFBC}") = "Dll_ISESEQ", "..\INTERFACE_ECE__SESEQ\Dll_ISESEQ\Dll_ISESEQ.csproj", "{071D11A3-C2F4-4F95-84AC-9A686FFACFFB}"
EndProject
Project("{FAE04EC0-301F-11D3-BF4B-00C04F79EFBC}") = "ISESEQ SERVICIOS", "..\INTERFACE_ECE__SESEQ\ISESEQ SERVICIOS\ISESEQ SERVICIOS.csproj", "{83DFA13B-65EE-4C29-8FAB-3856E1F5B05F}"
EndProject
Project("{FAE04EC0-301F-11D3-BF4B-00C04F79EFBC}") = "TEST_ISESEQ", "..\INTERFACE_ECE__SESEQ\TEST_ISESEQ\TEST_ISESEQ.csproj", "{EB9FA255-0154-4996-9470-B8AC108B1E58}"
EndProject
Project("{FAE04EC0-301F-11D3-BF4B-00C04F79EFBC}") = "wsWebDll_SII_ISESEQ", "..\INTERFACE_ECE__SESEQ\wsWebDll_SII_ISESEQ\wsWebDll_SII_ISESEQ.csproj", "{03CE815F-58D1-4862-9CB5-9B1C834C56F9}"
EndProject
Project("{2150E333-8FDC-42A3-9474-1A3956D46DE8}") = "VIDAL_VAMECUM", "VIDAL_VAMECUM", "{432CB966-8B9F-4A22-896C-171055C0F25B}"
EndProject
Project("{FAE04EC0-301F-11D3-BF4B-00C04F79EFBC}") = "Dll_IVIDALVADEMECUM", "..\INTERFACE_VIDAL_VADEMECUM\Dll_IVIDALVADEMECUM\Dll_IVIDALVADEMECUM.csproj", "{50540205-AB4B-4B0F-A0D0-94BAA5A691F9}"
EndProject
Project("{FAE04EC0-301F-11D3-BF4B-00C04F79EFBC}") = "TEST_IVV", "..\INTERFACE_VIDAL_VADEMECUM\TEST_IVV\TEST_IVV.csproj", "{2C623D5D-BA42-4A1E-A0DD-30F5E387318D}"
EndProject
Project("{FAE04EC0-301F-11D3-BF4B-00C04F79EFBC}") = "Farmacia", "..\..\MODULOS\Farmacia\Farmacia.csproj", "{E10B1D1A-6D48-42FB-AA2F-442762EABCE4}"
EndProject
Project("{E24C65DC-7377-472B-9ABA-BC803B73C61A}") = "wsSII_CNN_ISESEQ", "..\INTERFACE_ECE__SESEQ\wsSII_CNN_ISESEQ", "{D3B9615A-C2D8-47A0-8786-DA6A86EB6354}"
	ProjectSection(WebsiteProperties) = preProject
		SccProjectName = ""
		SccAuxPath = ""
		SccLocalPath = ""
		SccProvider = ""
		TargetFrameworkMoniker = ".NETFramework,Version%3Dv4.0"
		ProjectReferences = "{270947cd-9e0c-40e6-8128-574c57dd79ee}|wsIWebDll_CNN_ISESEQ.dll;{C420B431-5394-4CCD-8FCB-18B17CC388B9}|Dll_INT_CNNSESEQ.dll;"
		Debug.AspNetCompiler.VirtualPath = "/localhost_45200"
		Debug.AspNetCompiler.PhysicalPath = "..\INTERFACE_ECE__SESEQ\wsSII_CNN_ISESEQ\"
		Debug.AspNetCompiler.TargetPath = "PrecompiledWeb\localhost_45200\"
		Debug.AspNetCompiler.Updateable = "true"
		Debug.AspNetCompiler.ForceOverwrite = "true"
		Debug.AspNetCompiler.FixedNames = "false"
		Debug.AspNetCompiler.Debug = "True"
		Release.AspNetCompiler.VirtualPath = "/localhost_45200"
		Release.AspNetCompiler.PhysicalPath = "..\INTERFACE_ECE__SESEQ\wsSII_CNN_ISESEQ\"
		Release.AspNetCompiler.TargetPath = "PrecompiledWeb\localhost_45200\"
		Release.AspNetCompiler.Updateable = "true"
		Release.AspNetCompiler.ForceOverwrite = "true"
		Release.AspNetCompiler.FixedNames = "false"
		Release.AspNetCompiler.Debug = "False"
		VWDPort = "1060"
		SlnRelativePath = "..\INTERFACE_ECE__SESEQ\wsSII_CNN_ISESEQ\"
	EndProjectSection
EndProject
Project("{E24C65DC-7377-472B-9ABA-BC803B73C61A}") = "wsSII_INT_ISESEQ", "..\INTERFACE_ECE__SESEQ\wsSII_INT_ISESEQ", "{D58C5104-DC8F-4CC0-AAFC-17D1247A00D0}"
	ProjectSection(WebsiteProperties) = preProject
		SccProjectName = ""
		SccAuxPath = ""
		SccLocalPath = ""
		SccProvider = ""
		TargetFrameworkMoniker = ".NETFramework,Version%3Dv4.0"
		ProjectReferences = "{03ce815f-58d1-4862-9cb5-9b1c834c56f9}|wsWebDll_SII_ISESEQ.dll;{c420b431-5394-4ccd-8fcb-18b17cc388b9}|Dll_INT_CNNSESEQ.dll;{071d11a3-c2f4-4f95-84ac-9a686ffacffb}|Dll_ISESEQ.dll;{6197CF94-EF2D-42E9-A871-6BA7B1407714}|DllFarmaciaSoft.dll;"
		Debug.AspNetCompiler.VirtualPath = "/localhost_3000"
		Debug.AspNetCompiler.PhysicalPath = "..\INTERFACE_ECE__SESEQ\wsSII_INT_ISESEQ\"
		Debug.AspNetCompiler.TargetPath = "PrecompiledWeb\localhost_3000\"
		Debug.AspNetCompiler.Updateable = "true"
		Debug.AspNetCompiler.ForceOverwrite = "true"
		Debug.AspNetCompiler.FixedNames = "false"
		Debug.AspNetCompiler.Debug = "True"
		Release.AspNetCompiler.VirtualPath = "/localhost_3000"
		Release.AspNetCompiler.PhysicalPath = "..\INTERFACE_ECE__SESEQ\wsSII_INT_ISESEQ\"
		Release.AspNetCompiler.TargetPath = "PrecompiledWeb\localhost_3000\"
		Release.AspNetCompiler.Updateable = "true"
		Release.AspNetCompiler.ForceOverwrite = "true"
		Release.AspNetCompiler.FixedNames = "false"
		Release.AspNetCompiler.Debug = "False"
		VWDPort = "3000"
		SlnRelativePath = "..\INTERFACE_ECE__SESEQ\wsSII_INT_ISESEQ\"
	EndProjectSection
EndProject
Project("{FAE04EC0-301F-11D3-BF4B-00C04F79EFBC}") = "wsWebDll_CNN_ISESEQ", "..\INTERFACE_ECE__SESEQ\wsWebDll_CNN_ISESEQ\wsWebDll_CNN_ISESEQ.csproj", "{270947CD-9E0C-40E6-8128-574C57DD79EE}"
EndProject
Global
	GlobalSection(SolutionConfigurationPlatforms) = preSolution
		Debug|Any CPU = Debug|Any CPU
		Debug|Mixed Platforms = Debug|Mixed Platforms
		Debug|x64 = Debug|x64
		Debug|x86 = Debug|x86
		Release|Any CPU = Release|Any CPU
		Release|Mixed Platforms = Release|Mixed Platforms
		Release|x64 = Release|x64
		Release|x86 = Release|x86
	EndGlobalSection
	GlobalSection(ProjectConfigurationPlatforms) = postSolution
		{6197CF94-EF2D-42E9-A871-6BA7B1407714}.Debug|Any CPU.ActiveCfg = Debug|Any CPU
		{6197CF94-EF2D-42E9-A871-6BA7B1407714}.Debug|Any CPU.Build.0 = Debug|Any CPU
		{6197CF94-EF2D-42E9-A871-6BA7B1407714}.Debug|Mixed Platforms.ActiveCfg = Debug|Any CPU
		{6197CF94-EF2D-42E9-A871-6BA7B1407714}.Debug|Mixed Platforms.Build.0 = Debug|Any CPU
		{6197CF94-EF2D-42E9-A871-6BA7B1407714}.Debug|x64.ActiveCfg = Debug|Any CPU
		{6197CF94-EF2D-42E9-A871-6BA7B1407714}.Debug|x64.Build.0 = Debug|Any CPU
		{6197CF94-EF2D-42E9-A871-6BA7B1407714}.Debug|x86.ActiveCfg = Debug|Any CPU
		{6197CF94-EF2D-42E9-A871-6BA7B1407714}.Release|Any CPU.ActiveCfg = Release|Any CPU
		{6197CF94-EF2D-42E9-A871-6BA7B1407714}.Release|Any CPU.Build.0 = Release|Any CPU
		{6197CF94-EF2D-42E9-A871-6BA7B1407714}.Release|Mixed Platforms.ActiveCfg = Release|Any CPU
		{6197CF94-EF2D-42E9-A871-6BA7B1407714}.Release|Mixed Platforms.Build.0 = Release|Any CPU
		{6197CF94-EF2D-42E9-A871-6BA7B1407714}.Release|x64.ActiveCfg = Release|Any CPU
		{6197CF94-EF2D-42E9-A871-6BA7B1407714}.Release|x64.Build.0 = Release|Any CPU
		{6197CF94-EF2D-42E9-A871-6BA7B1407714}.Release|x86.ActiveCfg = Release|Any CPU
		{C3D0F8DB-E53B-4C50-9096-CC175E79AB88}.Debug|Any CPU.ActiveCfg = Debug|Any CPU
		{C3D0F8DB-E53B-4C50-9096-CC175E79AB88}.Debug|Any CPU.Build.0 = Debug|Any CPU
		{C3D0F8DB-E53B-4C50-9096-CC175E79AB88}.Debug|Mixed Platforms.ActiveCfg = Debug|Any CPU
		{C3D0F8DB-E53B-4C50-9096-CC175E79AB88}.Debug|Mixed Platforms.Build.0 = Debug|Any CPU
		{C3D0F8DB-E53B-4C50-9096-CC175E79AB88}.Debug|x64.ActiveCfg = Debug|Any CPU
		{C3D0F8DB-E53B-4C50-9096-CC175E79AB88}.Debug|x64.Build.0 = Debug|Any CPU
		{C3D0F8DB-E53B-4C50-9096-CC175E79AB88}.Debug|x86.ActiveCfg = Debug|Any CPU
		{C3D0F8DB-E53B-4C50-9096-CC175E79AB88}.Release|Any CPU.ActiveCfg = Release|Any CPU
		{C3D0F8DB-E53B-4C50-9096-CC175E79AB88}.Release|Any CPU.Build.0 = Release|Any CPU
		{C3D0F8DB-E53B-4C50-9096-CC175E79AB88}.Release|Mixed Platforms.ActiveCfg = Release|Any CPU
		{C3D0F8DB-E53B-4C50-9096-CC175E79AB88}.Release|Mixed Platforms.Build.0 = Release|Any CPU
		{C3D0F8DB-E53B-4C50-9096-CC175E79AB88}.Release|x64.ActiveCfg = Release|Any CPU
		{C3D0F8DB-E53B-4C50-9096-CC175E79AB88}.Release|x64.Build.0 = Release|Any CPU
		{C3D0F8DB-E53B-4C50-9096-CC175E79AB88}.Release|x86.ActiveCfg = Release|Any CPU
		{D4429272-BA2F-4129-8844-DD0F5CF1AC71}.Debug|Any CPU.ActiveCfg = Debug|Any CPU
		{D4429272-BA2F-4129-8844-DD0F5CF1AC71}.Debug|Any CPU.Build.0 = Debug|Any CPU
		{D4429272-BA2F-4129-8844-DD0F5CF1AC71}.Debug|Mixed Platforms.ActiveCfg = Debug|Any CPU
		{D4429272-BA2F-4129-8844-DD0F5CF1AC71}.Debug|Mixed Platforms.Build.0 = Debug|Any CPU
		{D4429272-BA2F-4129-8844-DD0F5CF1AC71}.Debug|x64.ActiveCfg = Debug|Any CPU
		{D4429272-BA2F-4129-8844-DD0F5CF1AC71}.Debug|x64.Build.0 = Debug|Any CPU
		{D4429272-BA2F-4129-8844-DD0F5CF1AC71}.Debug|x86.ActiveCfg = Debug|Any CPU
		{D4429272-BA2F-4129-8844-DD0F5CF1AC71}.Release|Any CPU.ActiveCfg = Release|Any CPU
		{D4429272-BA2F-4129-8844-DD0F5CF1AC71}.Release|Any CPU.Build.0 = Release|Any CPU
		{D4429272-BA2F-4129-8844-DD0F5CF1AC71}.Release|Mixed Platforms.ActiveCfg = Release|Any CPU
		{D4429272-BA2F-4129-8844-DD0F5CF1AC71}.Release|Mixed Platforms.Build.0 = Release|Any CPU
		{D4429272-BA2F-4129-8844-DD0F5CF1AC71}.Release|x64.ActiveCfg = Release|Any CPU
		{D4429272-BA2F-4129-8844-DD0F5CF1AC71}.Release|x64.Build.0 = Release|Any CPU
		{D4429272-BA2F-4129-8844-DD0F5CF1AC71}.Release|x86.ActiveCfg = Release|Any CPU
		{FDAA49FF-59A1-40D3-91CF-81DCD371E1FB}.Debug|Any CPU.ActiveCfg = Debug|x86
		{FDAA49FF-59A1-40D3-91CF-81DCD371E1FB}.Debug|Mixed Platforms.ActiveCfg = Debug|x86
		{FDAA49FF-59A1-40D3-91CF-81DCD371E1FB}.Debug|Mixed Platforms.Build.0 = Debug|x86
		{FDAA49FF-59A1-40D3-91CF-81DCD371E1FB}.Debug|x64.ActiveCfg = Debug|x86
		{FDAA49FF-59A1-40D3-91CF-81DCD371E1FB}.Debug|x86.ActiveCfg = Debug|x86
		{FDAA49FF-59A1-40D3-91CF-81DCD371E1FB}.Debug|x86.Build.0 = Debug|x86
		{FDAA49FF-59A1-40D3-91CF-81DCD371E1FB}.Release|Any CPU.ActiveCfg = Release|x86
		{FDAA49FF-59A1-40D3-91CF-81DCD371E1FB}.Release|Mixed Platforms.ActiveCfg = Release|x86
		{FDAA49FF-59A1-40D3-91CF-81DCD371E1FB}.Release|Mixed Platforms.Build.0 = Release|x86
		{FDAA49FF-59A1-40D3-91CF-81DCD371E1FB}.Release|x64.ActiveCfg = Release|x86
		{FDAA49FF-59A1-40D3-91CF-81DCD371E1FB}.Release|x86.ActiveCfg = Release|x86
		{FDAA49FF-59A1-40D3-91CF-81DCD371E1FB}.Release|x86.Build.0 = Release|x86
		{95262445-AD69-4BF5-96A8-CAE53405AFAD}.Debug|Any CPU.ActiveCfg = Debug|Any CPU
		{95262445-AD69-4BF5-96A8-CAE53405AFAD}.Debug|Any CPU.Build.0 = Debug|Any CPU
		{95262445-AD69-4BF5-96A8-CAE53405AFAD}.Debug|Mixed Platforms.ActiveCfg = Debug|Any CPU
		{95262445-AD69-4BF5-96A8-CAE53405AFAD}.Debug|Mixed Platforms.Build.0 = Debug|Any CPU
		{95262445-AD69-4BF5-96A8-CAE53405AFAD}.Debug|x64.ActiveCfg = Debug|Any CPU
		{95262445-AD69-4BF5-96A8-CAE53405AFAD}.Debug|x64.Build.0 = Debug|Any CPU
		{95262445-AD69-4BF5-96A8-CAE53405AFAD}.Debug|x86.ActiveCfg = Debug|Any CPU
		{95262445-AD69-4BF5-96A8-CAE53405AFAD}.Release|Any CPU.ActiveCfg = Release|Any CPU
		{95262445-AD69-4BF5-96A8-CAE53405AFAD}.Release|Any CPU.Build.0 = Release|Any CPU
		{95262445-AD69-4BF5-96A8-CAE53405AFAD}.Release|Mixed Platforms.ActiveCfg = Release|Any CPU
		{95262445-AD69-4BF5-96A8-CAE53405AFAD}.Release|Mixed Platforms.Build.0 = Release|Any CPU
		{95262445-AD69-4BF5-96A8-CAE53405AFAD}.Release|x64.ActiveCfg = Release|Any CPU
		{95262445-AD69-4BF5-96A8-CAE53405AFAD}.Release|x64.Build.0 = Release|Any CPU
		{95262445-AD69-4BF5-96A8-CAE53405AFAD}.Release|x86.ActiveCfg = Release|Any CPU
		{CC2D54FF-F8F1-499A-BB64-76FA9BBDD336}.Debug|Any CPU.ActiveCfg = Debug|Any CPU
		{CC2D54FF-F8F1-499A-BB64-76FA9BBDD336}.Debug|Any CPU.Build.0 = Debug|Any CPU
		{CC2D54FF-F8F1-499A-BB64-76FA9BBDD336}.Debug|Mixed Platforms.ActiveCfg = Debug|Any CPU
		{CC2D54FF-F8F1-499A-BB64-76FA9BBDD336}.Debug|Mixed Platforms.Build.0 = Debug|Any CPU
		{CC2D54FF-F8F1-499A-BB64-76FA9BBDD336}.Debug|x64.ActiveCfg = Debug|Any CPU
		{CC2D54FF-F8F1-499A-BB64-76FA9BBDD336}.Debug|x64.Build.0 = Debug|Any CPU
		{CC2D54FF-F8F1-499A-BB64-76FA9BBDD336}.Debug|x86.ActiveCfg = Debug|Any CPU
		{CC2D54FF-F8F1-499A-BB64-76FA9BBDD336}.Release|Any CPU.ActiveCfg = Release|Any CPU
		{CC2D54FF-F8F1-499A-BB64-76FA9BBDD336}.Release|Any CPU.Build.0 = Release|Any CPU
		{CC2D54FF-F8F1-499A-BB64-76FA9BBDD336}.Release|Mixed Platforms.ActiveCfg = Release|Any CPU
		{CC2D54FF-F8F1-499A-BB64-76FA9BBDD336}.Release|Mixed Platforms.Build.0 = Release|Any CPU
		{CC2D54FF-F8F1-499A-BB64-76FA9BBDD336}.Release|x64.ActiveCfg = Release|Any CPU
		{CC2D54FF-F8F1-499A-BB64-76FA9BBDD336}.Release|x64.Build.0 = Release|Any CPU
		{CC2D54FF-F8F1-499A-BB64-76FA9BBDD336}.Release|x86.ActiveCfg = Release|Any CPU
		{DD8C3A42-7BD0-4CB1-95D6-F612366134FE}.Debug|Any CPU.ActiveCfg = Debug|Any CPU
		{DD8C3A42-7BD0-4CB1-95D6-F612366134FE}.Debug|Any CPU.Build.0 = Debug|Any CPU
		{DD8C3A42-7BD0-4CB1-95D6-F612366134FE}.Debug|Mixed Platforms.ActiveCfg = Debug|Any CPU
		{DD8C3A42-7BD0-4CB1-95D6-F612366134FE}.Debug|Mixed Platforms.Build.0 = Debug|Any CPU
		{DD8C3A42-7BD0-4CB1-95D6-F612366134FE}.Debug|x64.ActiveCfg = Debug|Any CPU
		{DD8C3A42-7BD0-4CB1-95D6-F612366134FE}.Debug|x64.Build.0 = Debug|Any CPU
		{DD8C3A42-7BD0-4CB1-95D6-F612366134FE}.Debug|x86.ActiveCfg = Debug|Any CPU
		{DD8C3A42-7BD0-4CB1-95D6-F612366134FE}.Release|Any CPU.ActiveCfg = Debug|Any CPU
		{DD8C3A42-7BD0-4CB1-95D6-F612366134FE}.Release|Any CPU.Build.0 = Debug|Any CPU
		{DD8C3A42-7BD0-4CB1-95D6-F612366134FE}.Release|Mixed Platforms.ActiveCfg = Debug|Any CPU
		{DD8C3A42-7BD0-4CB1-95D6-F612366134FE}.Release|Mixed Platforms.Build.0 = Debug|Any CPU
		{DD8C3A42-7BD0-4CB1-95D6-F612366134FE}.Release|x64.ActiveCfg = Debug|Any CPU
		{DD8C3A42-7BD0-4CB1-95D6-F612366134FE}.Release|x64.Build.0 = Debug|Any CPU
		{DD8C3A42-7BD0-4CB1-95D6-F612366134FE}.Release|x86.ActiveCfg = Debug|Any CPU
		{327D49DC-0C4F-490E-A83C-B0FBF2A42AC2}.Debug|Any CPU.ActiveCfg = Debug|Any CPU
		{327D49DC-0C4F-490E-A83C-B0FBF2A42AC2}.Debug|Any CPU.Build.0 = Debug|Any CPU
		{327D49DC-0C4F-490E-A83C-B0FBF2A42AC2}.Debug|Mixed Platforms.ActiveCfg = Debug|Any CPU
		{327D49DC-0C4F-490E-A83C-B0FBF2A42AC2}.Debug|Mixed Platforms.Build.0 = Debug|Any CPU
		{327D49DC-0C4F-490E-A83C-B0FBF2A42AC2}.Debug|x64.ActiveCfg = Debug|Any CPU
		{327D49DC-0C4F-490E-A83C-B0FBF2A42AC2}.Debug|x64.Build.0 = Debug|Any CPU
		{327D49DC-0C4F-490E-A83C-B0FBF2A42AC2}.Debug|x86.ActiveCfg = Debug|Any CPU
		{327D49DC-0C4F-490E-A83C-B0FBF2A42AC2}.Release|Any CPU.ActiveCfg = Debug|Any CPU
		{327D49DC-0C4F-490E-A83C-B0FBF2A42AC2}.Release|Any CPU.Build.0 = Debug|Any CPU
		{327D49DC-0C4F-490E-A83C-B0FBF2A42AC2}.Release|Mixed Platforms.ActiveCfg = Debug|Any CPU
		{327D49DC-0C4F-490E-A83C-B0FBF2A42AC2}.Release|Mixed Platforms.Build.0 = Debug|Any CPU
		{327D49DC-0C4F-490E-A83C-B0FBF2A42AC2}.Release|x64.ActiveCfg = Debug|Any CPU
		{327D49DC-0C4F-490E-A83C-B0FBF2A42AC2}.Release|x64.Build.0 = Debug|Any CPU
		{327D49DC-0C4F-490E-A83C-B0FBF2A42AC2}.Release|x86.ActiveCfg = Debug|Any CPU
		{A9505870-324F-4B94-81E1-B3DD9D290457}.Debug|Any CPU.ActiveCfg = Debug|Any CPU
		{A9505870-324F-4B94-81E1-B3DD9D290457}.Debug|Any CPU.Build.0 = Debug|Any CPU
		{A9505870-324F-4B94-81E1-B3DD9D290457}.Debug|Mixed Platforms.ActiveCfg = Debug|Any CPU
		{A9505870-324F-4B94-81E1-B3DD9D290457}.Debug|Mixed Platforms.Build.0 = Debug|Any CPU
		{A9505870-324F-4B94-81E1-B3DD9D290457}.Debug|x64.ActiveCfg = Debug|Any CPU
		{A9505870-324F-4B94-81E1-B3DD9D290457}.Debug|x64.Build.0 = Debug|Any CPU
		{A9505870-324F-4B94-81E1-B3DD9D290457}.Debug|x86.ActiveCfg = Debug|Any CPU
		{A9505870-324F-4B94-81E1-B3DD9D290457}.Release|Any CPU.ActiveCfg = Release|Any CPU
		{A9505870-324F-4B94-81E1-B3DD9D290457}.Release|Any CPU.Build.0 = Release|Any CPU
		{A9505870-324F-4B94-81E1-B3DD9D290457}.Release|Mixed Platforms.ActiveCfg = Release|Any CPU
		{A9505870-324F-4B94-81E1-B3DD9D290457}.Release|Mixed Platforms.Build.0 = Release|Any CPU
		{A9505870-324F-4B94-81E1-B3DD9D290457}.Release|x64.ActiveCfg = Release|Any CPU
		{A9505870-324F-4B94-81E1-B3DD9D290457}.Release|x64.Build.0 = Release|Any CPU
		{A9505870-324F-4B94-81E1-B3DD9D290457}.Release|x86.ActiveCfg = Release|Any CPU
		{A7E19520-86D7-4CEE-9317-86039040FFA2}.Debug|Any CPU.ActiveCfg = Debug|Any CPU
		{A7E19520-86D7-4CEE-9317-86039040FFA2}.Debug|Any CPU.Build.0 = Debug|Any CPU
		{A7E19520-86D7-4CEE-9317-86039040FFA2}.Debug|Mixed Platforms.ActiveCfg = Debug|Any CPU
		{A7E19520-86D7-4CEE-9317-86039040FFA2}.Debug|Mixed Platforms.Build.0 = Debug|Any CPU
		{A7E19520-86D7-4CEE-9317-86039040FFA2}.Debug|x64.ActiveCfg = Debug|Any CPU
		{A7E19520-86D7-4CEE-9317-86039040FFA2}.Debug|x64.Build.0 = Debug|Any CPU
		{A7E19520-86D7-4CEE-9317-86039040FFA2}.Debug|x86.ActiveCfg = Debug|Any CPU
		{A7E19520-86D7-4CEE-9317-86039040FFA2}.Release|Any CPU.ActiveCfg = Release|Any CPU
		{A7E19520-86D7-4CEE-9317-86039040FFA2}.Release|Any CPU.Build.0 = Release|Any CPU
		{A7E19520-86D7-4CEE-9317-86039040FFA2}.Release|Mixed Platforms.ActiveCfg = Release|Any CPU
		{A7E19520-86D7-4CEE-9317-86039040FFA2}.Release|Mixed Platforms.Build.0 = Release|Any CPU
		{A7E19520-86D7-4CEE-9317-86039040FFA2}.Release|x64.ActiveCfg = Release|Any CPU
		{A7E19520-86D7-4CEE-9317-86039040FFA2}.Release|x64.Build.0 = Release|Any CPU
		{A7E19520-86D7-4CEE-9317-86039040FFA2}.Release|x86.ActiveCfg = Release|Any CPU
		{1A984606-021B-480E-8B50-9E9BBABDBD48}.Debug|Any CPU.ActiveCfg = Debug|x86
		{1A984606-021B-480E-8B50-9E9BBABDBD48}.Debug|Mixed Platforms.ActiveCfg = Debug|x86
		{1A984606-021B-480E-8B50-9E9BBABDBD48}.Debug|Mixed Platforms.Build.0 = Debug|x86
		{1A984606-021B-480E-8B50-9E9BBABDBD48}.Debug|x64.ActiveCfg = Debug|x86
		{1A984606-021B-480E-8B50-9E9BBABDBD48}.Debug|x86.ActiveCfg = Debug|x86
		{1A984606-021B-480E-8B50-9E9BBABDBD48}.Debug|x86.Build.0 = Debug|x86
		{1A984606-021B-480E-8B50-9E9BBABDBD48}.Release|Any CPU.ActiveCfg = Release|x86
		{1A984606-021B-480E-8B50-9E9BBABDBD48}.Release|Mixed Platforms.ActiveCfg = Release|x86
		{1A984606-021B-480E-8B50-9E9BBABDBD48}.Release|Mixed Platforms.Build.0 = Release|x86
		{1A984606-021B-480E-8B50-9E9BBABDBD48}.Release|x64.ActiveCfg = Release|x86
		{1A984606-021B-480E-8B50-9E9BBABDBD48}.Release|x86.ActiveCfg = Release|x86
		{1A984606-021B-480E-8B50-9E9BBABDBD48}.Release|x86.Build.0 = Release|x86
		{39DE3651-00E1-42EE-A615-26AAA65EED54}.Debug|Any CPU.ActiveCfg = Debug|Any CPU
		{39DE3651-00E1-42EE-A615-26AAA65EED54}.Debug|Any CPU.Build.0 = Debug|Any CPU
		{39DE3651-00E1-42EE-A615-26AAA65EED54}.Debug|Mixed Platforms.ActiveCfg = Debug|Any CPU
		{39DE3651-00E1-42EE-A615-26AAA65EED54}.Debug|Mixed Platforms.Build.0 = Debug|Any CPU
		{39DE3651-00E1-42EE-A615-26AAA65EED54}.Debug|x64.ActiveCfg = Debug|Any CPU
		{39DE3651-00E1-42EE-A615-26AAA65EED54}.Debug|x64.Build.0 = Debug|Any CPU
		{39DE3651-00E1-42EE-A615-26AAA65EED54}.Debug|x86.ActiveCfg = Debug|Any CPU
		{39DE3651-00E1-42EE-A615-26AAA65EED54}.Release|Any CPU.ActiveCfg = Release|Any CPU
		{39DE3651-00E1-42EE-A615-26AAA65EED54}.Release|Any CPU.Build.0 = Release|Any CPU
		{39DE3651-00E1-42EE-A615-26AAA65EED54}.Release|Mixed Platforms.ActiveCfg = Release|Any CPU
		{39DE3651-00E1-42EE-A615-26AAA65EED54}.Release|Mixed Platforms.Build.0 = Release|Any CPU
		{39DE3651-00E1-42EE-A615-26AAA65EED54}.Release|x64.ActiveCfg = Release|Any CPU
		{39DE3651-00E1-42EE-A615-26AAA65EED54}.Release|x64.Build.0 = Release|Any CPU
		{39DE3651-00E1-42EE-A615-26AAA65EED54}.Release|x86.ActiveCfg = Release|Any CPU
		{B94FD70F-E164-4863-B256-5F960CE31869}.Debug|Any CPU.ActiveCfg = Debug|Any CPU
		{B94FD70F-E164-4863-B256-5F960CE31869}.Debug|Any CPU.Build.0 = Debug|Any CPU
		{B94FD70F-E164-4863-B256-5F960CE31869}.Debug|Mixed Platforms.ActiveCfg = Debug|Any CPU
		{B94FD70F-E164-4863-B256-5F960CE31869}.Debug|Mixed Platforms.Build.0 = Debug|Any CPU
		{B94FD70F-E164-4863-B256-5F960CE31869}.Debug|x64.ActiveCfg = Debug|Any CPU
		{B94FD70F-E164-4863-B256-5F960CE31869}.Debug|x64.Build.0 = Debug|Any CPU
		{B94FD70F-E164-4863-B256-5F960CE31869}.Debug|x86.ActiveCfg = Debug|Any CPU
		{B94FD70F-E164-4863-B256-5F960CE31869}.Release|Any CPU.ActiveCfg = Release|Any CPU
		{B94FD70F-E164-4863-B256-5F960CE31869}.Release|Any CPU.Build.0 = Release|Any CPU
		{B94FD70F-E164-4863-B256-5F960CE31869}.Release|Mixed Platforms.ActiveCfg = Release|Any CPU
		{B94FD70F-E164-4863-B256-5F960CE31869}.Release|Mixed Platforms.Build.0 = Release|Any CPU
		{B94FD70F-E164-4863-B256-5F960CE31869}.Release|x64.ActiveCfg = Release|Any CPU
		{B94FD70F-E164-4863-B256-5F960CE31869}.Release|x64.Build.0 = Release|Any CPU
		{B94FD70F-E164-4863-B256-5F960CE31869}.Release|x86.ActiveCfg = Release|Any CPU
		{9674FF0B-774A-4EAF-9406-F6EF32CA6570}.Debug|Any CPU.ActiveCfg = Debug|Any CPU
		{9674FF0B-774A-4EAF-9406-F6EF32CA6570}.Debug|Any CPU.Build.0 = Debug|Any CPU
		{9674FF0B-774A-4EAF-9406-F6EF32CA6570}.Debug|Mixed Platforms.ActiveCfg = Debug|Any CPU
		{9674FF0B-774A-4EAF-9406-F6EF32CA6570}.Debug|Mixed Platforms.Build.0 = Debug|Any CPU
		{9674FF0B-774A-4EAF-9406-F6EF32CA6570}.Debug|x64.ActiveCfg = Debug|Any CPU
		{9674FF0B-774A-4EAF-9406-F6EF32CA6570}.Debug|x64.Build.0 = Debug|Any CPU
		{9674FF0B-774A-4EAF-9406-F6EF32CA6570}.Debug|x86.ActiveCfg = Debug|Any CPU
		{9674FF0B-774A-4EAF-9406-F6EF32CA6570}.Release|Any CPU.ActiveCfg = Debug|Any CPU
		{9674FF0B-774A-4EAF-9406-F6EF32CA6570}.Release|Any CPU.Build.0 = Debug|Any CPU
		{9674FF0B-774A-4EAF-9406-F6EF32CA6570}.Release|Mixed Platforms.ActiveCfg = Debug|Any CPU
		{9674FF0B-774A-4EAF-9406-F6EF32CA6570}.Release|Mixed Platforms.Build.0 = Debug|Any CPU
		{9674FF0B-774A-4EAF-9406-F6EF32CA6570}.Release|x64.ActiveCfg = Debug|Any CPU
		{9674FF0B-774A-4EAF-9406-F6EF32CA6570}.Release|x64.Build.0 = Debug|Any CPU
		{9674FF0B-774A-4EAF-9406-F6EF32CA6570}.Release|x86.ActiveCfg = Debug|Any CPU
		{43C99649-86E0-47B5-84AA-F4A188213CC4}.Debug|Any CPU.ActiveCfg = Debug|Any CPU
		{43C99649-86E0-47B5-84AA-F4A188213CC4}.Debug|Any CPU.Build.0 = Debug|Any CPU
		{43C99649-86E0-47B5-84AA-F4A188213CC4}.Debug|Mixed Platforms.ActiveCfg = Debug|Any CPU
		{43C99649-86E0-47B5-84AA-F4A188213CC4}.Debug|Mixed Platforms.Build.0 = Debug|Any CPU
		{43C99649-86E0-47B5-84AA-F4A188213CC4}.Debug|x64.ActiveCfg = Debug|Any CPU
		{43C99649-86E0-47B5-84AA-F4A188213CC4}.Debug|x64.Build.0 = Debug|Any CPU
		{43C99649-86E0-47B5-84AA-F4A188213CC4}.Debug|x86.ActiveCfg = Debug|Any CPU
		{43C99649-86E0-47B5-84AA-F4A188213CC4}.Release|Any CPU.ActiveCfg = Debug|Any CPU
		{43C99649-86E0-47B5-84AA-F4A188213CC4}.Release|Any CPU.Build.0 = Debug|Any CPU
		{43C99649-86E0-47B5-84AA-F4A188213CC4}.Release|Mixed Platforms.ActiveCfg = Debug|Any CPU
		{43C99649-86E0-47B5-84AA-F4A188213CC4}.Release|Mixed Platforms.Build.0 = Debug|Any CPU
		{43C99649-86E0-47B5-84AA-F4A188213CC4}.Release|x64.ActiveCfg = Debug|Any CPU
		{43C99649-86E0-47B5-84AA-F4A188213CC4}.Release|x64.Build.0 = Debug|Any CPU
		{43C99649-86E0-47B5-84AA-F4A188213CC4}.Release|x86.ActiveCfg = Debug|Any CPU
		{C0BF436B-A563-4675-85F6-B20ADE0C3C34}.Debug|Any CPU.ActiveCfg = Debug|x86
		{C0BF436B-A563-4675-85F6-B20ADE0C3C34}.Debug|Mixed Platforms.ActiveCfg = Debug|x86
		{C0BF436B-A563-4675-85F6-B20ADE0C3C34}.Debug|Mixed Platforms.Build.0 = Debug|x86
		{C0BF436B-A563-4675-85F6-B20ADE0C3C34}.Debug|x64.ActiveCfg = Debug|x86
		{C0BF436B-A563-4675-85F6-B20ADE0C3C34}.Debug|x86.ActiveCfg = Debug|x86
		{C0BF436B-A563-4675-85F6-B20ADE0C3C34}.Debug|x86.Build.0 = Debug|x86
		{C0BF436B-A563-4675-85F6-B20ADE0C3C34}.Release|Any CPU.ActiveCfg = Release|x86
		{C0BF436B-A563-4675-85F6-B20ADE0C3C34}.Release|Mixed Platforms.ActiveCfg = Release|x86
		{C0BF436B-A563-4675-85F6-B20ADE0C3C34}.Release|Mixed Platforms.Build.0 = Release|x86
		{C0BF436B-A563-4675-85F6-B20ADE0C3C34}.Release|x64.ActiveCfg = Release|x86
		{C0BF436B-A563-4675-85F6-B20ADE0C3C34}.Release|x86.ActiveCfg = Release|x86
		{C0BF436B-A563-4675-85F6-B20ADE0C3C34}.Release|x86.Build.0 = Release|x86
		{E472A2CF-BB7B-4EAC-A14F-C9C56F943638}.Debug|Any CPU.ActiveCfg = Debug|x86
		{E472A2CF-BB7B-4EAC-A14F-C9C56F943638}.Debug|Mixed Platforms.ActiveCfg = Debug|x86
		{E472A2CF-BB7B-4EAC-A14F-C9C56F943638}.Debug|Mixed Platforms.Build.0 = Debug|x86
		{E472A2CF-BB7B-4EAC-A14F-C9C56F943638}.Debug|x64.ActiveCfg = Debug|x86
		{E472A2CF-BB7B-4EAC-A14F-C9C56F943638}.Debug|x86.ActiveCfg = Debug|x86
		{E472A2CF-BB7B-4EAC-A14F-C9C56F943638}.Debug|x86.Build.0 = Debug|x86
		{E472A2CF-BB7B-4EAC-A14F-C9C56F943638}.Release|Any CPU.ActiveCfg = Release|x86
		{E472A2CF-BB7B-4EAC-A14F-C9C56F943638}.Release|Mixed Platforms.ActiveCfg = Release|x86
		{E472A2CF-BB7B-4EAC-A14F-C9C56F943638}.Release|Mixed Platforms.Build.0 = Release|x86
		{E472A2CF-BB7B-4EAC-A14F-C9C56F943638}.Release|x64.ActiveCfg = Release|x86
		{E472A2CF-BB7B-4EAC-A14F-C9C56F943638}.Release|x86.ActiveCfg = Release|x86
		{E472A2CF-BB7B-4EAC-A14F-C9C56F943638}.Release|x86.Build.0 = Release|x86
		{B1182403-F6B6-4988-A29D-238095419C6B}.Debug|Any CPU.ActiveCfg = Debug|Any CPU
		{B1182403-F6B6-4988-A29D-238095419C6B}.Debug|Any CPU.Build.0 = Debug|Any CPU
		{B1182403-F6B6-4988-A29D-238095419C6B}.Debug|Mixed Platforms.ActiveCfg = Debug|Any CPU
		{B1182403-F6B6-4988-A29D-238095419C6B}.Debug|Mixed Platforms.Build.0 = Debug|Any CPU
		{B1182403-F6B6-4988-A29D-238095419C6B}.Debug|x64.ActiveCfg = Debug|Any CPU
		{B1182403-F6B6-4988-A29D-238095419C6B}.Debug|x64.Build.0 = Debug|Any CPU
		{B1182403-F6B6-4988-A29D-238095419C6B}.Debug|x86.ActiveCfg = Debug|Any CPU
		{B1182403-F6B6-4988-A29D-238095419C6B}.Release|Any CPU.ActiveCfg = Debug|Any CPU
		{B1182403-F6B6-4988-A29D-238095419C6B}.Release|Any CPU.Build.0 = Debug|Any CPU
		{B1182403-F6B6-4988-A29D-238095419C6B}.Release|Mixed Platforms.ActiveCfg = Debug|Any CPU
		{B1182403-F6B6-4988-A29D-238095419C6B}.Release|Mixed Platforms.Build.0 = Debug|Any CPU
		{B1182403-F6B6-4988-A29D-238095419C6B}.Release|x64.ActiveCfg = Debug|Any CPU
		{B1182403-F6B6-4988-A29D-238095419C6B}.Release|x64.Build.0 = Debug|Any CPU
		{B1182403-F6B6-4988-A29D-238095419C6B}.Release|x86.ActiveCfg = Debug|Any CPU
		{13573F6B-78F5-42CA-8792-B438ABD92481}.Debug|Any CPU.ActiveCfg = Debug|x86
		{13573F6B-78F5-42CA-8792-B438ABD92481}.Debug|Mixed Platforms.ActiveCfg = Debug|x86
		{13573F6B-78F5-42CA-8792-B438ABD92481}.Debug|Mixed Platforms.Build.0 = Debug|x86
		{13573F6B-78F5-42CA-8792-B438ABD92481}.Debug|x64.ActiveCfg = Debug|x86
		{13573F6B-78F5-42CA-8792-B438ABD92481}.Debug|x86.ActiveCfg = Debug|x86
		{13573F6B-78F5-42CA-8792-B438ABD92481}.Debug|x86.Build.0 = Debug|x86
		{13573F6B-78F5-42CA-8792-B438ABD92481}.Release|Any CPU.ActiveCfg = Release|x86
		{13573F6B-78F5-42CA-8792-B438ABD92481}.Release|Mixed Platforms.ActiveCfg = Release|x86
		{13573F6B-78F5-42CA-8792-B438ABD92481}.Release|Mixed Platforms.Build.0 = Release|x86
		{13573F6B-78F5-42CA-8792-B438ABD92481}.Release|x64.ActiveCfg = Release|x86
		{13573F6B-78F5-42CA-8792-B438ABD92481}.Release|x86.ActiveCfg = Release|x86
		{13573F6B-78F5-42CA-8792-B438ABD92481}.Release|x86.Build.0 = Release|x86
		{B687532B-58D8-45D3-958D-D1B9EFE1C59A}.Debug|Any CPU.ActiveCfg = Debug|Any CPU
		{B687532B-58D8-45D3-958D-D1B9EFE1C59A}.Debug|Any CPU.Build.0 = Debug|Any CPU
		{B687532B-58D8-45D3-958D-D1B9EFE1C59A}.Debug|Mixed Platforms.ActiveCfg = Debug|Any CPU
		{B687532B-58D8-45D3-958D-D1B9EFE1C59A}.Debug|Mixed Platforms.Build.0 = Debug|Any CPU
		{B687532B-58D8-45D3-958D-D1B9EFE1C59A}.Debug|x64.ActiveCfg = Debug|Any CPU
		{B687532B-58D8-45D3-958D-D1B9EFE1C59A}.Debug|x64.Build.0 = Debug|Any CPU
		{B687532B-58D8-45D3-958D-D1B9EFE1C59A}.Debug|x86.ActiveCfg = Debug|Any CPU
		{B687532B-58D8-45D3-958D-D1B9EFE1C59A}.Release|Any CPU.ActiveCfg = Release|Any CPU
		{B687532B-58D8-45D3-958D-D1B9EFE1C59A}.Release|Any CPU.Build.0 = Release|Any CPU
		{B687532B-58D8-45D3-958D-D1B9EFE1C59A}.Release|Mixed Platforms.ActiveCfg = Release|Any CPU
		{B687532B-58D8-45D3-958D-D1B9EFE1C59A}.Release|Mixed Platforms.Build.0 = Release|Any CPU
		{B687532B-58D8-45D3-958D-D1B9EFE1C59A}.Release|x64.ActiveCfg = Release|Any CPU
		{B687532B-58D8-45D3-958D-D1B9EFE1C59A}.Release|x64.Build.0 = Release|Any CPU
		{B687532B-58D8-45D3-958D-D1B9EFE1C59A}.Release|x86.ActiveCfg = Release|Any CPU
		{C420B431-5394-4CCD-8FCB-18B17CC388B9}.Debug|Any CPU.ActiveCfg = Debug|Any CPU
		{C420B431-5394-4CCD-8FCB-18B17CC388B9}.Debug|Any CPU.Build.0 = Debug|Any CPU
		{C420B431-5394-4CCD-8FCB-18B17CC388B9}.Debug|Mixed Platforms.ActiveCfg = Debug|Any CPU
		{C420B431-5394-4CCD-8FCB-18B17CC388B9}.Debug|Mixed Platforms.Build.0 = Debug|Any CPU
		{C420B431-5394-4CCD-8FCB-18B17CC388B9}.Debug|x64.ActiveCfg = Debug|Any CPU
		{C420B431-5394-4CCD-8FCB-18B17CC388B9}.Debug|x64.Build.0 = Debug|Any CPU
		{C420B431-5394-4CCD-8FCB-18B17CC388B9}.Debug|x86.ActiveCfg = Debug|Any CPU
		{C420B431-5394-4CCD-8FCB-18B17CC388B9}.Release|Any CPU.ActiveCfg = Release|Any CPU
		{C420B431-5394-4CCD-8FCB-18B17CC388B9}.Release|Any CPU.Build.0 = Release|Any CPU
		{C420B431-5394-4CCD-8FCB-18B17CC388B9}.Release|Mixed Platforms.ActiveCfg = Release|Any CPU
		{C420B431-5394-4CCD-8FCB-18B17CC388B9}.Release|Mixed Platforms.Build.0 = Release|Any CPU
		{C420B431-5394-4CCD-8FCB-18B17CC388B9}.Release|x64.ActiveCfg = Release|Any CPU
		{C420B431-5394-4CCD-8FCB-18B17CC388B9}.Release|x64.Build.0 = Release|Any CPU
		{C420B431-5394-4CCD-8FCB-18B17CC388B9}.Release|x86.ActiveCfg = Release|Any CPU
		{071D11A3-C2F4-4F95-84AC-9A686FFACFFB}.Debug|Any CPU.ActiveCfg = Debug|Any CPU
		{071D11A3-C2F4-4F95-84AC-9A686FFACFFB}.Debug|Any CPU.Build.0 = Debug|Any CPU
		{071D11A3-C2F4-4F95-84AC-9A686FFACFFB}.Debug|Mixed Platforms.ActiveCfg = Debug|Any CPU
		{071D11A3-C2F4-4F95-84AC-9A686FFACFFB}.Debug|Mixed Platforms.Build.0 = Debug|Any CPU
		{071D11A3-C2F4-4F95-84AC-9A686FFACFFB}.Debug|x64.ActiveCfg = Debug|Any CPU
		{071D11A3-C2F4-4F95-84AC-9A686FFACFFB}.Debug|x64.Build.0 = Debug|Any CPU
		{071D11A3-C2F4-4F95-84AC-9A686FFACFFB}.Debug|x86.ActiveCfg = Debug|Any CPU
		{071D11A3-C2F4-4F95-84AC-9A686FFACFFB}.Release|Any CPU.ActiveCfg = Release|Any CPU
		{071D11A3-C2F4-4F95-84AC-9A686FFACFFB}.Release|Any CPU.Build.0 = Release|Any CPU
		{071D11A3-C2F4-4F95-84AC-9A686FFACFFB}.Release|Mixed Platforms.ActiveCfg = Release|Any CPU
		{071D11A3-C2F4-4F95-84AC-9A686FFACFFB}.Release|Mixed Platforms.Build.0 = Release|Any CPU
		{071D11A3-C2F4-4F95-84AC-9A686FFACFFB}.Release|x64.ActiveCfg = Release|Any CPU
		{071D11A3-C2F4-4F95-84AC-9A686FFACFFB}.Release|x64.Build.0 = Release|Any CPU
		{071D11A3-C2F4-4F95-84AC-9A686FFACFFB}.Release|x86.ActiveCfg = Release|Any CPU
		{83DFA13B-65EE-4C29-8FAB-3856E1F5B05F}.Debug|Any CPU.ActiveCfg = Debug|x86
		{83DFA13B-65EE-4C29-8FAB-3856E1F5B05F}.Debug|Mixed Platforms.ActiveCfg = Debug|x86
		{83DFA13B-65EE-4C29-8FAB-3856E1F5B05F}.Debug|Mixed Platforms.Build.0 = Debug|x86
		{83DFA13B-65EE-4C29-8FAB-3856E1F5B05F}.Debug|x64.ActiveCfg = Debug|x86
		{83DFA13B-65EE-4C29-8FAB-3856E1F5B05F}.Debug|x86.ActiveCfg = Debug|x86
		{83DFA13B-65EE-4C29-8FAB-3856E1F5B05F}.Debug|x86.Build.0 = Debug|x86
		{83DFA13B-65EE-4C29-8FAB-3856E1F5B05F}.Release|Any CPU.ActiveCfg = Release|x86
		{83DFA13B-65EE-4C29-8FAB-3856E1F5B05F}.Release|Mixed Platforms.ActiveCfg = Release|x86
		{83DFA13B-65EE-4C29-8FAB-3856E1F5B05F}.Release|Mixed Platforms.Build.0 = Release|x86
		{83DFA13B-65EE-4C29-8FAB-3856E1F5B05F}.Release|x64.ActiveCfg = Release|x86
		{83DFA13B-65EE-4C29-8FAB-3856E1F5B05F}.Release|x86.ActiveCfg = Release|x86
		{83DFA13B-65EE-4C29-8FAB-3856E1F5B05F}.Release|x86.Build.0 = Release|x86
		{EB9FA255-0154-4996-9470-B8AC108B1E58}.Debug|Any CPU.ActiveCfg = Debug|x86
		{EB9FA255-0154-4996-9470-B8AC108B1E58}.Debug|Mixed Platforms.ActiveCfg = Debug|x86
		{EB9FA255-0154-4996-9470-B8AC108B1E58}.Debug|Mixed Platforms.Build.0 = Debug|x86
		{EB9FA255-0154-4996-9470-B8AC108B1E58}.Debug|x64.ActiveCfg = Debug|x86
		{EB9FA255-0154-4996-9470-B8AC108B1E58}.Debug|x86.ActiveCfg = Debug|x86
		{EB9FA255-0154-4996-9470-B8AC108B1E58}.Debug|x86.Build.0 = Debug|x86
		{EB9FA255-0154-4996-9470-B8AC108B1E58}.Release|Any CPU.ActiveCfg = Release|x86
		{EB9FA255-0154-4996-9470-B8AC108B1E58}.Release|Mixed Platforms.ActiveCfg = Release|x86
		{EB9FA255-0154-4996-9470-B8AC108B1E58}.Release|Mixed Platforms.Build.0 = Release|x86
		{EB9FA255-0154-4996-9470-B8AC108B1E58}.Release|x64.ActiveCfg = Release|x86
		{EB9FA255-0154-4996-9470-B8AC108B1E58}.Release|x86.ActiveCfg = Release|x86
		{EB9FA255-0154-4996-9470-B8AC108B1E58}.Release|x86.Build.0 = Release|x86
		{03CE815F-58D1-4862-9CB5-9B1C834C56F9}.Debug|Any CPU.ActiveCfg = Debug|Any CPU
		{03CE815F-58D1-4862-9CB5-9B1C834C56F9}.Debug|Any CPU.Build.0 = Debug|Any CPU
		{03CE815F-58D1-4862-9CB5-9B1C834C56F9}.Debug|Mixed Platforms.ActiveCfg = Debug|Any CPU
		{03CE815F-58D1-4862-9CB5-9B1C834C56F9}.Debug|Mixed Platforms.Build.0 = Debug|Any CPU
		{03CE815F-58D1-4862-9CB5-9B1C834C56F9}.Debug|x64.ActiveCfg = Debug|Any CPU
		{03CE815F-58D1-4862-9CB5-9B1C834C56F9}.Debug|x64.Build.0 = Debug|Any CPU
		{03CE815F-58D1-4862-9CB5-9B1C834C56F9}.Debug|x86.ActiveCfg = Debug|Any CPU
		{03CE815F-58D1-4862-9CB5-9B1C834C56F9}.Release|Any CPU.ActiveCfg = Release|Any CPU
		{03CE815F-58D1-4862-9CB5-9B1C834C56F9}.Release|Any CPU.Build.0 = Release|Any CPU
		{03CE815F-58D1-4862-9CB5-9B1C834C56F9}.Release|Mixed Platforms.ActiveCfg = Release|Any CPU
		{03CE815F-58D1-4862-9CB5-9B1C834C56F9}.Release|Mixed Platforms.Build.0 = Release|Any CPU
		{03CE815F-58D1-4862-9CB5-9B1C834C56F9}.Release|x64.ActiveCfg = Release|Any CPU
		{03CE815F-58D1-4862-9CB5-9B1C834C56F9}.Release|x64.Build.0 = Release|Any CPU
		{03CE815F-58D1-4862-9CB5-9B1C834C56F9}.Release|x86.ActiveCfg = Release|Any CPU
		{50540205-AB4B-4B0F-A0D0-94BAA5A691F9}.Debug|Any CPU.ActiveCfg = Debug|Any CPU
		{50540205-AB4B-4B0F-A0D0-94BAA5A691F9}.Debug|Any CPU.Build.0 = Debug|Any CPU
		{50540205-AB4B-4B0F-A0D0-94BAA5A691F9}.Debug|Mixed Platforms.ActiveCfg = Debug|Any CPU
		{50540205-AB4B-4B0F-A0D0-94BAA5A691F9}.Debug|Mixed Platforms.Build.0 = Debug|Any CPU
		{50540205-AB4B-4B0F-A0D0-94BAA5A691F9}.Debug|x64.ActiveCfg = Debug|Any CPU
		{50540205-AB4B-4B0F-A0D0-94BAA5A691F9}.Debug|x64.Build.0 = Debug|Any CPU
		{50540205-AB4B-4B0F-A0D0-94BAA5A691F9}.Debug|x86.ActiveCfg = Debug|Any CPU
		{50540205-AB4B-4B0F-A0D0-94BAA5A691F9}.Debug|x86.Build.0 = Debug|Any CPU
		{50540205-AB4B-4B0F-A0D0-94BAA5A691F9}.Release|Any CPU.ActiveCfg = Release|Any CPU
		{50540205-AB4B-4B0F-A0D0-94BAA5A691F9}.Release|Any CPU.Build.0 = Release|Any CPU
		{50540205-AB4B-4B0F-A0D0-94BAA5A691F9}.Release|Mixed Platforms.ActiveCfg = Release|Any CPU
		{50540205-AB4B-4B0F-A0D0-94BAA5A691F9}.Release|Mixed Platforms.Build.0 = Release|Any CPU
		{50540205-AB4B-4B0F-A0D0-94BAA5A691F9}.Release|x64.ActiveCfg = Release|Any CPU
		{50540205-AB4B-4B0F-A0D0-94BAA5A691F9}.Release|x64.Build.0 = Release|Any CPU
		{50540205-AB4B-4B0F-A0D0-94BAA5A691F9}.Release|x86.ActiveCfg = Release|Any CPU
		{50540205-AB4B-4B0F-A0D0-94BAA5A691F9}.Release|x86.Build.0 = Release|Any CPU
		{2C623D5D-BA42-4A1E-A0DD-30F5E387318D}.Debug|Any CPU.ActiveCfg = Debug|Any CPU
		{2C623D5D-BA42-4A1E-A0DD-30F5E387318D}.Debug|Any CPU.Build.0 = Debug|Any CPU
		{2C623D5D-BA42-4A1E-A0DD-30F5E387318D}.Debug|Mixed Platforms.ActiveCfg = Debug|Any CPU
		{2C623D5D-BA42-4A1E-A0DD-30F5E387318D}.Debug|Mixed Platforms.Build.0 = Debug|Any CPU
		{2C623D5D-BA42-4A1E-A0DD-30F5E387318D}.Debug|x64.ActiveCfg = Debug|Any CPU
		{2C623D5D-BA42-4A1E-A0DD-30F5E387318D}.Debug|x64.Build.0 = Debug|Any CPU
		{2C623D5D-BA42-4A1E-A0DD-30F5E387318D}.Debug|x86.ActiveCfg = Debug|Any CPU
		{2C623D5D-BA42-4A1E-A0DD-30F5E387318D}.Debug|x86.Build.0 = Debug|Any CPU
		{2C623D5D-BA42-4A1E-A0DD-30F5E387318D}.Release|Any CPU.ActiveCfg = Release|Any CPU
		{2C623D5D-BA42-4A1E-A0DD-30F5E387318D}.Release|Any CPU.Build.0 = Release|Any CPU
		{2C623D5D-BA42-4A1E-A0DD-30F5E387318D}.Release|Mixed Platforms.ActiveCfg = Release|Any CPU
		{2C623D5D-BA42-4A1E-A0DD-30F5E387318D}.Release|Mixed Platforms.Build.0 = Release|Any CPU
		{2C623D5D-BA42-4A1E-A0DD-30F5E387318D}.Release|x64.ActiveCfg = Release|Any CPU
		{2C623D5D-BA42-4A1E-A0DD-30F5E387318D}.Release|x64.Build.0 = Release|Any CPU
		{2C623D5D-BA42-4A1E-A0DD-30F5E387318D}.Release|x86.ActiveCfg = Release|Any CPU
		{2C623D5D-BA42-4A1E-A0DD-30F5E387318D}.Release|x86.Build.0 = Release|Any CPU
		{E10B1D1A-6D48-42FB-AA2F-442762EABCE4}.Debug|Any CPU.ActiveCfg = Debug|Any CPU
		{E10B1D1A-6D48-42FB-AA2F-442762EABCE4}.Debug|Any CPU.Build.0 = Debug|Any CPU
		{E10B1D1A-6D48-42FB-AA2F-442762EABCE4}.Debug|Mixed Platforms.ActiveCfg = Debug|Any CPU
		{E10B1D1A-6D48-42FB-AA2F-442762EABCE4}.Debug|Mixed Platforms.Build.0 = Debug|Any CPU
		{E10B1D1A-6D48-42FB-AA2F-442762EABCE4}.Debug|x64.ActiveCfg = Debug|Any CPU
		{E10B1D1A-6D48-42FB-AA2F-442762EABCE4}.Debug|x64.Build.0 = Debug|Any CPU
		{E10B1D1A-6D48-42FB-AA2F-442762EABCE4}.Debug|x86.ActiveCfg = Debug|Any CPU
		{E10B1D1A-6D48-42FB-AA2F-442762EABCE4}.Debug|x86.Build.0 = Debug|Any CPU
		{E10B1D1A-6D48-42FB-AA2F-442762EABCE4}.Release|Any CPU.ActiveCfg = Release|Any CPU
		{E10B1D1A-6D48-42FB-AA2F-442762EABCE4}.Release|Any CPU.Build.0 = Release|Any CPU
		{E10B1D1A-6D48-42FB-AA2F-442762EABCE4}.Release|Mixed Platforms.ActiveCfg = Release|Any CPU
		{E10B1D1A-6D48-42FB-AA2F-442762EABCE4}.Release|Mixed Platforms.Build.0 = Release|Any CPU
		{E10B1D1A-6D48-42FB-AA2F-442762EABCE4}.Release|x64.ActiveCfg = Release|Any CPU
		{E10B1D1A-6D48-42FB-AA2F-442762EABCE4}.Release|x64.Build.0 = Release|Any CPU
		{E10B1D1A-6D48-42FB-AA2F-442762EABCE4}.Release|x86.ActiveCfg = Release|Any CPU
		{E10B1D1A-6D48-42FB-AA2F-442762EABCE4}.Release|x86.Build.0 = Release|Any CPU
		{D3B9615A-C2D8-47A0-8786-DA6A86EB6354}.Debug|Any CPU.ActiveCfg = Debug|Any CPU
		{D3B9615A-C2D8-47A0-8786-DA6A86EB6354}.Debug|Any CPU.Build.0 = Debug|Any CPU
		{D3B9615A-C2D8-47A0-8786-DA6A86EB6354}.Debug|Mixed Platforms.ActiveCfg = Debug|Any CPU
		{D3B9615A-C2D8-47A0-8786-DA6A86EB6354}.Debug|Mixed Platforms.Build.0 = Debug|Any CPU
		{D3B9615A-C2D8-47A0-8786-DA6A86EB6354}.Debug|x64.ActiveCfg = Debug|Any CPU
		{D3B9615A-C2D8-47A0-8786-DA6A86EB6354}.Debug|x64.Build.0 = Debug|Any CPU
		{D3B9615A-C2D8-47A0-8786-DA6A86EB6354}.Debug|x86.ActiveCfg = Debug|Any CPU
		{D3B9615A-C2D8-47A0-8786-DA6A86EB6354}.Debug|x86.Build.0 = Debug|Any CPU
		{D3B9615A-C2D8-47A0-8786-DA6A86EB6354}.Release|Any CPU.ActiveCfg = Debug|Any CPU
		{D3B9615A-C2D8-47A0-8786-DA6A86EB6354}.Release|Any CPU.Build.0 = Debug|Any CPU
		{D3B9615A-C2D8-47A0-8786-DA6A86EB6354}.Release|Mixed Platforms.ActiveCfg = Debug|Any CPU
		{D3B9615A-C2D8-47A0-8786-DA6A86EB6354}.Release|Mixed Platforms.Build.0 = Debug|Any CPU
		{D3B9615A-C2D8-47A0-8786-DA6A86EB6354}.Release|x64.ActiveCfg = Debug|Any CPU
		{D3B9615A-C2D8-47A0-8786-DA6A86EB6354}.Release|x64.Build.0 = Debug|Any CPU
		{D3B9615A-C2D8-47A0-8786-DA6A86EB6354}.Release|x86.ActiveCfg = Debug|Any CPU
		{D3B9615A-C2D8-47A0-8786-DA6A86EB6354}.Release|x86.Build.0 = Debug|Any CPU
		{D58C5104-DC8F-4CC0-AAFC-17D1247A00D0}.Debug|Any CPU.ActiveCfg = Debug|Any CPU
		{D58C5104-DC8F-4CC0-AAFC-17D1247A00D0}.Debug|Any CPU.Build.0 = Debug|Any CPU
		{D58C5104-DC8F-4CC0-AAFC-17D1247A00D0}.Debug|Mixed Platforms.ActiveCfg = Debug|Any CPU
		{D58C5104-DC8F-4CC0-AAFC-17D1247A00D0}.Debug|Mixed Platforms.Build.0 = Debug|Any CPU
		{D58C5104-DC8F-4CC0-AAFC-17D1247A00D0}.Debug|x64.ActiveCfg = Debug|Any CPU
		{D58C5104-DC8F-4CC0-AAFC-17D1247A00D0}.Debug|x64.Build.0 = Debug|Any CPU
		{D58C5104-DC8F-4CC0-AAFC-17D1247A00D0}.Debug|x86.ActiveCfg = Debug|Any CPU
		{D58C5104-DC8F-4CC0-AAFC-17D1247A00D0}.Debug|x86.Build.0 = Debug|Any CPU
		{D58C5104-DC8F-4CC0-AAFC-17D1247A00D0}.Release|Any CPU.ActiveCfg = Debug|Any CPU
		{D58C5104-DC8F-4CC0-AAFC-17D1247A00D0}.Release|Any CPU.Build.0 = Debug|Any CPU
		{D58C5104-DC8F-4CC0-AAFC-17D1247A00D0}.Release|Mixed Platforms.ActiveCfg = Debug|Any CPU
		{D58C5104-DC8F-4CC0-AAFC-17D1247A00D0}.Release|Mixed Platforms.Build.0 = Debug|Any CPU
		{D58C5104-DC8F-4CC0-AAFC-17D1247A00D0}.Release|x64.ActiveCfg = Debug|Any CPU
		{D58C5104-DC8F-4CC0-AAFC-17D1247A00D0}.Release|x64.Build.0 = Debug|Any CPU
		{D58C5104-DC8F-4CC0-AAFC-17D1247A00D0}.Release|x86.ActiveCfg = Debug|Any CPU
		{D58C5104-DC8F-4CC0-AAFC-17D1247A00D0}.Release|x86.Build.0 = Debug|Any CPU
		{270947CD-9E0C-40E6-8128-574C57DD79EE}.Debug|Any CPU.ActiveCfg = Debug|Any CPU
		{270947CD-9E0C-40E6-8128-574C57DD79EE}.Debug|Any CPU.Build.0 = Debug|Any CPU
		{270947CD-9E0C-40E6-8128-574C57DD79EE}.Debug|Mixed Platforms.ActiveCfg = Debug|Any CPU
		{270947CD-9E0C-40E6-8128-574C57DD79EE}.Debug|Mixed Platforms.Build.0 = Debug|Any CPU
		{270947CD-9E0C-40E6-8128-574C57DD79EE}.Debug|x64.ActiveCfg = Debug|Any CPU
		{270947CD-9E0C-40E6-8128-574C57DD79EE}.Debug|x64.Build.0 = Debug|Any CPU
		{270947CD-9E0C-40E6-8128-574C57DD79EE}.Debug|x86.ActiveCfg = Debug|Any CPU
		{270947CD-9E0C-40E6-8128-574C57DD79EE}.Debug|x86.Build.0 = Debug|Any CPU
		{270947CD-9E0C-40E6-8128-574C57DD79EE}.Release|Any CPU.ActiveCfg = Release|Any CPU
		{270947CD-9E0C-40E6-8128-574C57DD79EE}.Release|Any CPU.Build.0 = Release|Any CPU
		{270947CD-9E0C-40E6-8128-574C57DD79EE}.Release|Mixed Platforms.ActiveCfg = Release|Any CPU
		{270947CD-9E0C-40E6-8128-574C57DD79EE}.Release|Mixed Platforms.Build.0 = Release|Any CPU
		{270947CD-9E0C-40E6-8128-574C57DD79EE}.Release|x64.ActiveCfg = Release|Any CPU
		{270947CD-9E0C-40E6-8128-574C57DD79EE}.Release|x64.Build.0 = Release|Any CPU
		{270947CD-9E0C-40E6-8128-574C57DD79EE}.Release|x86.ActiveCfg = Release|Any CPU
		{270947CD-9E0C-40E6-8128-574C57DD79EE}.Release|x86.Build.0 = Release|Any CPU
	EndGlobalSection
	GlobalSection(SolutionProperties) = preSolution
		HideSolutionNode = FALSE
	EndGlobalSection
	GlobalSection(NestedProjects) = preSolution
		{6197CF94-EF2D-42E9-A871-6BA7B1407714} = {F803028D-F499-4BEB-9F00-C9F08E336210}
		{2C8AB917-A8D6-4506-9329-C04BF95667CE} = {53F5BCB9-CE8B-4095-A8A8-710E97928611}
		{C3D0F8DB-E53B-4C50-9096-CC175E79AB88} = {2C8AB917-A8D6-4506-9329-C04BF95667CE}
		{D4429272-BA2F-4129-8844-DD0F5CF1AC71} = {2C8AB917-A8D6-4506-9329-C04BF95667CE}
		{FDAA49FF-59A1-40D3-91CF-81DCD371E1FB} = {2C8AB917-A8D6-4506-9329-C04BF95667CE}
		{568E0741-DE9A-4B7C-BE1C-99FE14FF1C73} = {53F5BCB9-CE8B-4095-A8A8-710E97928611}
		{EB2D9A0D-B1B5-49AD-B443-75F7A907295A} = {53F5BCB9-CE8B-4095-A8A8-710E97928611}
		{95262445-AD69-4BF5-96A8-CAE53405AFAD} = {EB2D9A0D-B1B5-49AD-B443-75F7A907295A}
		{CC2D54FF-F8F1-499A-BB64-76FA9BBDD336} = {EB2D9A0D-B1B5-49AD-B443-75F7A907295A}
		{DD8C3A42-7BD0-4CB1-95D6-F612366134FE} = {EB2D9A0D-B1B5-49AD-B443-75F7A907295A}
		{327D49DC-0C4F-490E-A83C-B0FBF2A42AC2} = {2C8AB917-A8D6-4506-9329-C04BF95667CE}
		{A9505870-324F-4B94-81E1-B3DD9D290457} = {568E0741-DE9A-4B7C-BE1C-99FE14FF1C73}
		{A7E19520-86D7-4CEE-9317-86039040FFA2} = {568E0741-DE9A-4B7C-BE1C-99FE14FF1C73}
		{1A984606-021B-480E-8B50-9E9BBABDBD48} = {568E0741-DE9A-4B7C-BE1C-99FE14FF1C73}
		{39DE3651-00E1-42EE-A615-26AAA65EED54} = {568E0741-DE9A-4B7C-BE1C-99FE14FF1C73}
		{B94FD70F-E164-4863-B256-5F960CE31869} = {568E0741-DE9A-4B7C-BE1C-99FE14FF1C73}
		{9674FF0B-774A-4EAF-9406-F6EF32CA6570} = {568E0741-DE9A-4B7C-BE1C-99FE14FF1C73}
		{43C99649-86E0-47B5-84AA-F4A188213CC4} = {568E0741-DE9A-4B7C-BE1C-99FE14FF1C73}
		{C0BF436B-A563-4675-85F6-B20ADE0C3C34} = {568E0741-DE9A-4B7C-BE1C-99FE14FF1C73}
		{46F8D280-459B-47B2-A923-6B3C4D423379} = {53F5BCB9-CE8B-4095-A8A8-710E97928611}
		{E472A2CF-BB7B-4EAC-A14F-C9C56F943638} = {46F8D280-459B-47B2-A923-6B3C4D423379}
		{B1182403-F6B6-4988-A29D-238095419C6B} = {46F8D280-459B-47B2-A923-6B3C4D423379}
		{13573F6B-78F5-42CA-8792-B438ABD92481} = {EB2D9A0D-B1B5-49AD-B443-75F7A907295A}
		{BDD54DB7-F7C7-4D96-B8B3-4614CE63FC27} = {53F5BCB9-CE8B-4095-A8A8-710E97928611}
		{C420B431-5394-4CCD-8FCB-18B17CC388B9} = {BDD54DB7-F7C7-4D96-B8B3-4614CE63FC27}
		{071D11A3-C2F4-4F95-84AC-9A686FFACFFB} = {BDD54DB7-F7C7-4D96-B8B3-4614CE63FC27}
		{83DFA13B-65EE-4C29-8FAB-3856E1F5B05F} = {BDD54DB7-F7C7-4D96-B8B3-4614CE63FC27}
		{EB9FA255-0154-4996-9470-B8AC108B1E58} = {BDD54DB7-F7C7-4D96-B8B3-4614CE63FC27}
		{03CE815F-58D1-4862-9CB5-9B1C834C56F9} = {BDD54DB7-F7C7-4D96-B8B3-4614CE63FC27}
		{432CB966-8B9F-4A22-896C-171055C0F25B} = {53F5BCB9-CE8B-4095-A8A8-710E97928611}
		{50540205-AB4B-4B0F-A0D0-94BAA5A691F9} = {432CB966-8B9F-4A22-896C-171055C0F25B}
		{2C623D5D-BA42-4A1E-A0DD-30F5E387318D} = {432CB966-8B9F-4A22-896C-171055C0F25B}
		{E10B1D1A-6D48-42FB-AA2F-442762EABCE4} = {F803028D-F499-4BEB-9F00-C9F08E336210}
		{D3B9615A-C2D8-47A0-8786-DA6A86EB6354} = {BDD54DB7-F7C7-4D96-B8B3-4614CE63FC27}
		{D58C5104-DC8F-4CC0-AAFC-17D1247A00D0} = {BDD54DB7-F7C7-4D96-B8B3-4614CE63FC27}
		{270947CD-9E0C-40E6-8128-574C57DD79EE} = {BDD54DB7-F7C7-4D96-B8B3-4614CE63FC27}
	EndGlobalSection
	GlobalSection(ExtensibilityGlobals) = postSolution
		SolutionGuid = {BEC97F49-583F-488B-819D-74D1DE531BEF}
	EndGlobalSection
	GlobalSection(TeamFoundationVersionControl) = preSolution
		SccNumberOfProjects = 24
		SccEnterpriseProvider = {4CA58AB2-18FA-4F8D-95D4-32DDF27D184C}
		SccTeamFoundationServer = http://intermed.homeip.net:30000/tfs/sii
		SccProjectUniqueName0 = ..\\INTERFACE_ECE__SESEQ\\Dll_INT_CNNSESEQ\\Dll_INT_CNNSESEQ.csproj
		SccProjectTopLevelParentUniqueName0 = INTERFACE_RECETA_ELECTRONICA.sln
		SccProjectName0 = ../INTERFACE_ECE__SESEQ/Dll_INT_CNNSESEQ
		SccAuxPath0 = http://intermed.homeip.net:30000/tfs/sii
		SccLocalPath0 = ..\\INTERFACE_ECE__SESEQ\\Dll_INT_CNNSESEQ
		SccProvider0 = {4CA58AB2-18FA-4F8D-95D4-32DDF27D184C}
		SccProjectUniqueName1 = ..\\..\\MODULOS\\DllFarmaciaSoft\\DllFarmaciaSoft.csproj
		SccProjectTopLevelParentUniqueName1 = INTERFACE_RECETA_ELECTRONICA.sln
		SccProjectName1 = ../../MODULOS/DllFarmaciaSoft
		SccAuxPath1 = http://intermed.homeip.net:30000/tfs/sii
		SccLocalPath1 = ..\\..\\MODULOS\\DllFarmaciaSoft
		SccProvider1 = {4CA58AB2-18FA-4F8D-95D4-32DDF27D184C}
		SccProjectUniqueName2 = ..\\INTERFACE_ECE__SIGHO\\Dll_IRE_SIGHO\\Dll_IRE_SIGHO.csproj
		SccProjectTopLevelParentUniqueName2 = INTERFACE_RECETA_ELECTRONICA.sln
		SccProjectName2 = ../INTERFACE_ECE__SIGHO/Dll_IRE_SIGHO
		SccAuxPath2 = http://intermed.homeip.net:30000/tfs/sii
		SccLocalPath2 = ..\\INTERFACE_ECE__SIGHO\\Dll_IRE_SIGHO
		SccProvider2 = {4CA58AB2-18FA-4F8D-95D4-32DDF27D184C}
		SccProjectUniqueName3 = ..\\INTERFACE_ECE__SIGHO\\wsWebDll_SII_IRE_SIGHO\\wsWebDll_SII_IRE_SIGHO.csproj
		SccProjectTopLevelParentUniqueName3 = INTERFACE_RECETA_ELECTRONICA.sln
		SccProjectName3 = ../INTERFACE_ECE__SIGHO/wsWebDll_SII_IRE_SIGHO
		SccAuxPath3 = http://intermed.homeip.net:30000/tfs/sii
		SccLocalPath3 = ..\\INTERFACE_ECE__SIGHO\\wsWebDll_SII_IRE_SIGHO
		SccProvider3 = {4CA58AB2-18FA-4F8D-95D4-32DDF27D184C}
		SccProjectUniqueName4 = ..\\INTERFACE_ECE__SIGHO\\Demonio\\ISIGHOECE\u0020SERVICIOS.csproj
		SccProjectTopLevelParentUniqueName4 = INTERFACE_RECETA_ELECTRONICA.sln
		SccProjectName4 = ../INTERFACE_ECE__SIGHO/Demonio
		SccAuxPath4 = http://intermed.homeip.net:30000/tfs/sii
		SccLocalPath4 = ..\\INTERFACE_ECE__SIGHO\\Demonio
		SccProvider4 = {4CA58AB2-18FA-4F8D-95D4-32DDF27D184C}
		SccProjectUniqueName5 = ..\\INTERFACE_ECE__INTERMED\\Dll_IRE_INTERMED\\Dll_IRE_INTERMED.csproj
		SccProjectTopLevelParentUniqueName5 = INTERFACE_RECETA_ELECTRONICA.sln
		SccProjectName5 = ../INTERFACE_ECE__INTERMED/Dll_IRE_INTERMED
		SccAuxPath5 = http://intermed.homeip.net:30000/tfs/sii
		SccLocalPath5 = ..\\INTERFACE_ECE__INTERMED\\Dll_IRE_INTERMED
		SccProvider5 = {4CA58AB2-18FA-4F8D-95D4-32DDF27D184C}
		SccProjectUniqueName6 = ..\\INTERFACE_ECE__INTERMED\\wsWebDll_SII_IRE_INTERMED\\wsWebDll_SII_IRE_INTERMED.csproj
		SccProjectTopLevelParentUniqueName6 = INTERFACE_RECETA_ELECTRONICA.sln
		SccProjectName6 = ../INTERFACE_ECE__INTERMED/wsWebDll_SII_IRE_INTERMED
		SccAuxPath6 = http://intermed.homeip.net:30000/tfs/sii
		SccLocalPath6 = ..\\INTERFACE_ECE__INTERMED\\wsWebDll_SII_IRE_INTERMED
		SccProvider6 = {4CA58AB2-18FA-4F8D-95D4-32DDF27D184C}
		SccProjectUniqueName7 = ..\\INTERFACE_ECE__SIADISSEP\\Dll_INT_CNNSIADISSEP\\Dll_INT_CNNSIADISSEP.csproj
		SccProjectTopLevelParentUniqueName7 = INTERFACE_RECETA_ELECTRONICA.sln
		SccProjectName7 = ../INTERFACE_ECE__SIADISSEP/Dll_INT_CNNSIADISSEP
		SccAuxPath7 = http://intermed.homeip.net:30000/tfs/sii
		SccLocalPath7 = ..\\INTERFACE_ECE__SIADISSEP\\Dll_INT_CNNSIADISSEP
		SccProvider7 = {4CA58AB2-18FA-4F8D-95D4-32DDF27D184C}
		SccProjectUniqueName8 = ..\\INTERFACE_ECE__SIADISSEP\\Dll_ISIADISSEP\\Dll_ISIADISSEP.csproj
		SccProjectTopLevelParentUniqueName8 = INTERFACE_RECETA_ELECTRONICA.sln
		SccProjectName8 = ../INTERFACE_ECE__SIADISSEP/Dll_ISIADISSEP
		SccAuxPath8 = http://intermed.homeip.net:30000/tfs/sii
		SccLocalPath8 = ..\\INTERFACE_ECE__SIADISSEP\\Dll_ISIADISSEP
		SccProvider8 = {4CA58AB2-18FA-4F8D-95D4-32DDF27D184C}
		SccProjectUniqueName9 = ..\\INTERFACE_ECE__SIADISSEP\\ISIADISSEP\u0020SERVICIOS\\ISIADISSEP\u0020SERVICIOS.csproj
		SccProjectTopLevelParentUniqueName9 = INTERFACE_RECETA_ELECTRONICA.sln
		SccProjectName9 = ../INTERFACE_ECE__SIADISSEP/ISIADISSEP\u0020SERVICIOS
		SccAuxPath9 = http://intermed.homeip.net:30000/tfs/sii
		SccLocalPath9 = ..\\INTERFACE_ECE__SIADISSEP\\ISIADISSEP\u0020SERVICIOS
		SccProvider9 = {4CA58AB2-18FA-4F8D-95D4-32DDF27D184C}
		SccProjectUniqueName10 = ..\\INTERFACE_ECE__SIADISSEP\\wsWebDll_CNN_ISIADISSEP\\wsWebDll_CNN_ISIADISSEP.csproj
		SccProjectTopLevelParentUniqueName10 = INTERFACE_RECETA_ELECTRONICA.sln
		SccProjectName10 = ../INTERFACE_ECE__SIADISSEP/wsWebDll_CNN_ISIADISSEP
		SccAuxPath10 = http://intermed.homeip.net:30000/tfs/sii
		SccLocalPath10 = ..\\INTERFACE_ECE__SIADISSEP\\wsWebDll_CNN_ISIADISSEP
		SccProvider10 = {4CA58AB2-18FA-4F8D-95D4-32DDF27D184C}
		SccProjectUniqueName11 = ..\\INTERFACE_ECE__SIADISSEP\\wsWebDll_SII_ISIADISSEP\\wsWebDll_SII_ISIADISSEP.csproj
		SccProjectTopLevelParentUniqueName11 = INTERFACE_RECETA_ELECTRONICA.sln
		SccProjectName11 = ../INTERFACE_ECE__SIADISSEP/wsWebDll_SII_ISIADISSEP
		SccAuxPath11 = http://intermed.homeip.net:30000/tfs/sii
		SccLocalPath11 = ..\\INTERFACE_ECE__SIADISSEP\\wsWebDll_SII_ISIADISSEP
		SccProvider11 = {4CA58AB2-18FA-4F8D-95D4-32DDF27D184C}
		SccProjectUniqueName12 = ..\\INTERFACE_ECE__SIADISSEP\\TEST_ISIADISSEP\\TEST_ISIADISSEP.csproj
		SccProjectTopLevelParentUniqueName12 = INTERFACE_RECETA_ELECTRONICA.sln
		SccProjectName12 = ../INTERFACE_ECE__SIADISSEP/TEST_ISIADISSEP
		SccAuxPath12 = http://intermed.homeip.net:30000/tfs/sii
		SccLocalPath12 = ..\\INTERFACE_ECE__SIADISSEP\\TEST_ISIADISSEP
		SccProvider12 = {4CA58AB2-18FA-4F8D-95D4-32DDF27D184C}
		SccProjectUniqueName13 = ..\\INTERFACE_ECE__AMPM\\Dll_IRE_AMPM\\Dll_IRE_AMPM.csproj
		SccProjectTopLevelParentUniqueName13 = INTERFACE_RECETA_ELECTRONICA.sln
		SccProjectName13 = ../INTERFACE_ECE__AMPM/Dll_IRE_AMPM
		SccAuxPath13 = http://intermed.homeip.net:30000/tfs/sii
		SccLocalPath13 = ..\\INTERFACE_ECE__AMPM\\Dll_IRE_AMPM
		SccProvider13 = {4CA58AB2-18FA-4F8D-95D4-32DDF27D184C}
		SccProjectUniqueName14 = ..\\INTERFACE_ECE__INTERMED\\Demonio\\INTERMED\u0020SERVICIOS.csproj
		SccProjectTopLevelParentUniqueName14 = INTERFACE_RECETA_ELECTRONICA.sln
		SccProjectName14 = ../INTERFACE_ECE__INTERMED/Demonio
		SccAuxPath14 = http://intermed.homeip.net:30000/tfs/sii
		SccLocalPath14 = ..\\INTERFACE_ECE__INTERMED\\Demonio
		SccProvider14 = {4CA58AB2-18FA-4F8D-95D4-32DDF27D184C}
		SccProjectUniqueName15 = ..\\INTERFACE_ECE__SESEQ\\Dll_ISESEQ\\Dll_ISESEQ.csproj
		SccProjectTopLevelParentUniqueName15 = INTERFACE_RECETA_ELECTRONICA.sln
		SccProjectName15 = ../INTERFACE_ECE__SESEQ/Dll_ISESEQ
		SccAuxPath15 = http://intermed.homeip.net:30000/tfs/sii
		SccLocalPath15 = ..\\INTERFACE_ECE__SESEQ\\Dll_ISESEQ
		SccProvider15 = {4CA58AB2-18FA-4F8D-95D4-32DDF27D184C}
		SccProjectUniqueName16 = DllRecetaElectronica\\DllRecetaElectronica.csproj
		SccProjectName16 = DllRecetaElectronica
		SccAuxPath16 = http://intermed.homeip.net:30000/tfs/sii
		SccLocalPath16 = DllRecetaElectronica
		SccProvider16 = {4CA58AB2-18FA-4F8D-95D4-32DDF27D184C}
		SccProjectUniqueName17 = ..\\INTERFACE_ECE__SESEQ\\ISESEQ\u0020SERVICIOS\\ISESEQ\u0020SERVICIOS.csproj
		SccProjectTopLevelParentUniqueName17 = INTERFACE_RECETA_ELECTRONICA.sln
		SccProjectName17 = ../INTERFACE_ECE__SESEQ/ISESEQ\u0020SERVICIOS
		SccAuxPath17 = http://intermed.homeip.net:30000/tfs/sii
		SccLocalPath17 = ..\\INTERFACE_ECE__SESEQ\\ISESEQ\u0020SERVICIOS
		SccProvider17 = {4CA58AB2-18FA-4F8D-95D4-32DDF27D184C}
		SccProjectUniqueName18 = ..\\INTERFACE_ECE__SESEQ\\TEST_ISESEQ\\TEST_ISESEQ.csproj
		SccProjectTopLevelParentUniqueName18 = INTERFACE_RECETA_ELECTRONICA.sln
		SccProjectName18 = ../INTERFACE_ECE__SESEQ/TEST_ISESEQ
		SccAuxPath18 = http://intermed.homeip.net:30000/tfs/sii
		SccLocalPath18 = ..\\INTERFACE_ECE__SESEQ\\TEST_ISESEQ
		SccProvider18 = {4CA58AB2-18FA-4F8D-95D4-32DDF27D184C}
		SccProjectUniqueName19 = ..\\INTERFACE_ECE__SESEQ\\wsWebDll_SII_ISESEQ\\wsWebDll_SII_ISESEQ.csproj
		SccProjectTopLevelParentUniqueName19 = INTERFACE_RECETA_ELECTRONICA.sln
		SccProjectName19 = ../INTERFACE_ECE__SESEQ/wsWebDll_SII_ISESEQ
		SccAuxPath19 = http://intermed.homeip.net:30000/tfs/sii
		SccLocalPath19 = ..\\INTERFACE_ECE__SESEQ\\wsWebDll_SII_ISESEQ
		SccProvider19 = {4CA58AB2-18FA-4F8D-95D4-32DDF27D184C}
		SccProjectUniqueName20 = ..\\INTERFACE_VIDAL_VADEMECUM\\Dll_IVIDALVADEMECUM\\Dll_IVIDALVADEMECUM.csproj
		SccProjectTopLevelParentUniqueName20 = INTERFACE_RECETA_ELECTRONICA.sln
		SccProjectName20 = ../INTERFACE_VIDAL_VADEMECUM/Dll_IVIDALVADEMECUM
		SccAuxPath20 = http://intermed.homeip.net:30000/tfs/sii
		SccLocalPath20 = ..\\INTERFACE_VIDAL_VADEMECUM\\Dll_IVIDALVADEMECUM
		SccProvider20 = {4CA58AB2-18FA-4F8D-95D4-32DDF27D184C}
		SccProjectUniqueName21 = ..\\INTERFACE_VIDAL_VADEMECUM\\TEST_IVV\\TEST_IVV.csproj
		SccProjectTopLevelParentUniqueName21 = INTERFACE_RECETA_ELECTRONICA.sln
		SccProjectName21 = ../INTERFACE_VIDAL_VADEMECUM/TEST_IVV
		SccAuxPath21 = http://intermed.homeip.net:30000/tfs/sii
		SccLocalPath21 = ..\\INTERFACE_VIDAL_VADEMECUM\\TEST_IVV
		SccProvider21 = {4CA58AB2-18FA-4F8D-95D4-32DDF27D184C}
		SccProjectUniqueName22 = ..\\..\\MODULOS\\Farmacia\\Farmacia.csproj
		SccProjectTopLevelParentUniqueName22 = INTERFACE_RECETA_ELECTRONICA.sln
		SccProjectName22 = ../../MODULOS/Farmacia
		SccAuxPath22 = http://intermed.homeip.net:30000/tfs/sii
		SccLocalPath22 = ..\\..\\MODULOS\\Farmacia
		SccProvider22 = {4CA58AB2-18FA-4F8D-95D4-32DDF27D184C}
		SccProjectUniqueName23 = ..\\INTERFACE_ECE__SESEQ\\wsWebDll_CNN_ISESEQ\\wsWebDll_CNN_ISESEQ.csproj
		SccProjectTopLevelParentUniqueName23 = INTERFACE_RECETA_ELECTRONICA.sln
		SccProjectName23 = ../INTERFACE_ECE__SESEQ/wsWebDll_CNN_ISESEQ
		SccAuxPath23 = http://intermed.homeip.net:30000/tfs/sii
		SccLocalPath23 = ..\\INTERFACE_ECE__SESEQ\\wsWebDll_CNN_ISESEQ
		SccProvider23 = {4CA58AB2-18FA-4F8D-95D4-32DDF27D184C}
	EndGlobalSection
EndGlobal
